{
  "version": 4,
  "terraform_version": "1.14.4",
  "serial": 1207,
  "lineage": "9cacad0c-55b9-e923-f3ce-2fcf91de110c",
  "outputs": {
    "Terraform_instance_ip": {
      "value": "13.223.97.71",
      "type": "string"
    },
    "public_dns": {
      "value": "",
      "type": "string"
    },
    "public_dns_server_subnet_1": {
      "value": "",
      "type": "string"
    },
    "public_ip": {
      "value": "18.208.141.248",
      "type": "string"
    },
    "public_ip_server_subnet_1": {
      "value": "100.52.166.171",
      "type": "string"
    },
    "public_url": {
      "value": "https://13.223.97.71:8080/index.html",
      "type": "string"
    },
    "vpc_information": {
      "value": "Your demo_environment VPC has an ID of vpc-05358688a91117278",
      "type": "string"
    }
  },
  "resources": [
    {
      "mode": "data",
      "type": "aws_ami",
      "name": "ubuntu_20_04",
      "provider": "provider[\"registry.terraform.io/hashicorp/aws\"]",
      "instances": [
        {
          "schema_version": 0,
          "attributes": {
            "architecture": "x86_64",
            "arn": "arn:aws:ec2:us-east-1::image/ami-0fb0b230890ccd1e6",
            "block_device_mappings": [
              {
                "device_name": "/dev/sda1",
                "ebs": {
                  "delete_on_termination": "true",
                  "encrypted": "false",
                  "iops": "0",
                  "snapshot_id": "snap-01a042ee8ac5da832",
                  "throughput": "0",
                  "volume_initialization_rate": "0",
                  "volume_size": "8",
                  "volume_type": "gp2"
                },
                "no_device": "",
                "virtual_name": ""
              },
              {
                "device_name": "/dev/sdb",
                "ebs": {},
                "no_device": "",
                "virtual_name": "ephemeral0"
              },
              {
                "device_name": "/dev/sdc",
                "ebs": {},
                "no_device": "",
                "virtual_name": "ephemeral1"
              }
            ],
            "boot_mode": "legacy-bios",
            "creation_date": "2025-06-25T05:33:11.000Z",
            "deprecation_time": "2027-06-25T05:33:11.000Z",
            "description": "Canonical, Ubuntu, 20.04, amd64 focal image",
            "ena_support": true,
            "executable_users": null,
            "filter": [
              {
                "name": "name",
                "values": [
                  "ubuntu/images/hvm-ssd/ubuntu-focal-20.04-amd64-server-*"
                ]
              }
            ],
            "hypervisor": "xen",
            "id": "ami-0fb0b230890ccd1e6",
            "image_id": "ami-0fb0b230890ccd1e6",
            "image_location": "amazon/ubuntu/images/hvm-ssd/ubuntu-focal-20.04-amd64-server-20250624",
            "image_owner_alias": "amazon",
            "image_type": "machine",
            "imds_support": "",
            "include_deprecated": false,
            "kernel_id": "",
            "last_launched_time": "",
            "most_recent": true,
            "name": "ubuntu/images/hvm-ssd/ubuntu-focal-20.04-amd64-server-20250624",
            "name_regex": null,
            "owner_id": "099720109477",
            "owners": [
              "099720109477"
            ],
            "platform": "",
            "platform_details": "Linux/UNIX",
            "product_codes": [],
            "public": true,
            "ramdisk_id": "",
            "root_device_name": "/dev/sda1",
            "root_device_type": "ebs",
            "root_snapshot_id": "snap-01a042ee8ac5da832",
            "sriov_net_support": "simple",
            "state": "available",
            "state_reason": {
              "code": "UNSET",
              "message": "UNSET"
            },
            "tags": {},
            "timeouts": null,
            "tpm_support": "",
            "uefi_data": null,
            "usage_operation": "RunInstances",
            "virtualization_type": "hvm"
          },
          "sensitive_attributes": [],
          "identity_schema_version": 0
        }
      ]
    },
    {
      "mode": "data",
      "type": "aws_availability_zones",
      "name": "available",
      "provider": "provider[\"registry.terraform.io/hashicorp/aws\"]",
      "instances": [
        {
          "schema_version": 0,
          "attributes": {
            "all_availability_zones": null,
            "exclude_names": null,
            "exclude_zone_ids": null,
            "filter": null,
            "group_names": [
              "us-east-1-zg-1"
            ],
            "id": "us-east-1",
            "names": [
              "us-east-1a",
              "us-east-1b",
              "us-east-1c",
              "us-east-1d",
              "us-east-1e",
              "us-east-1f"
            ],
            "state": null,
            "timeouts": null,
            "zone_ids": [
              "use1-az1",
              "use1-az2",
              "use1-az4",
              "use1-az6",
              "use1-az3",
              "use1-az5"
            ]
          },
          "sensitive_attributes": [],
          "identity_schema_version": 0
        }
      ]
    },
    {
      "mode": "data",
      "type": "aws_region",
      "name": "current",
      "provider": "provider[\"registry.terraform.io/hashicorp/aws\"]",
      "instances": [
        {
          "schema_version": 0,
          "attributes": {
            "description": "US East (N. Virginia)",
            "endpoint": "ec2.us-east-1.amazonaws.com",
            "id": "us-east-1",
            "name": "us-east-1"
          },
          "sensitive_attributes": [],
          "identity_schema_version": 0
        }
      ]
    },
    {
      "mode": "managed",
      "type": "aws_eip",
      "name": "nat_gateway_eip",
      "provider": "provider[\"registry.terraform.io/hashicorp/aws\"]",
      "instances": [
        {
          "schema_version": 0,
          "attributes": {
            "address": null,
            "allocation_id": "eipalloc-033879ff71c52dd16",
            "arn": "arn:aws:ec2:us-east-1:557270420072:elastic-ip/eipalloc-033879ff71c52dd16",
            "associate_with_private_ip": null,
            "association_id": "",
            "carrier_ip": "",
            "customer_owned_ip": "",
            "customer_owned_ipv4_pool": "",
            "domain": "vpc",
            "id": "eipalloc-033879ff71c52dd16",
            "instance": "",
            "ipam_pool_id": null,
            "network_border_group": "us-east-1",
            "network_interface": "",
            "private_dns": null,
            "private_ip": "",
            "ptr_record": "",
            "public_dns": "ec2-35-173-18-198.compute-1.amazonaws.com",
            "public_ip": "35.173.18.198",
            "public_ipv4_pool": "amazon",
            "tags": {
              "Name": "demo_igw_eip"
            },
            "tags_all": {
              "Environment": "my-aws-app",
              "Name": "demo_igw_eip"
            },
            "timeouts": null,
            "vpc": true
          },
          "sensitive_attributes": [],
          "identity_schema_version": 0,
          "private": "eyJlMmJmYjczMC1lY2FhLTExZTYtOGY4OC0zNDM2M2JjN2M0YzAiOnsiZGVsZXRlIjoxODAwMDAwMDAwMDAsInJlYWQiOjkwMDAwMDAwMDAwMCwidXBkYXRlIjozMDAwMDAwMDAwMDB9fQ==",
          "dependencies": [
            "aws_internet_gateway.internet_gateway",
            "aws_vpc.vpc",
            "data.aws_region.current"
          ]
        }
      ]
    },
    {
      "mode": "managed",
      "type": "aws_instance",
      "name": "Terraform_instance",
      "provider": "provider[\"registry.terraform.io/hashicorp/aws\"]",
      "instances": [
        {
          "schema_version": 1,
          "attributes": {
            "ami": "ami-0fb0b230890ccd1e6",
            "arn": "arn:aws:ec2:us-east-1:557270420072:instance/i-03d7afc00d4c1c6dc",
            "associate_public_ip_address": true,
            "availability_zone": "us-east-1a",
            "capacity_reservation_specification": [
              {
                "capacity_reservation_preference": "open",
                "capacity_reservation_target": []
              }
            ],
            "cpu_core_count": 1,
            "cpu_options": [
              {
                "amd_sev_snp": "",
                "core_count": 1,
                "threads_per_core": 1
              }
            ],
            "cpu_threads_per_core": 1,
            "credit_specification": [
              {
                "cpu_credits": "standard"
              }
            ],
            "disable_api_stop": false,
            "disable_api_termination": false,
            "ebs_block_device": [],
            "ebs_optimized": false,
            "enable_primary_ipv6": null,
            "enclave_options": [
              {
                "enabled": false
              }
            ],
            "ephemeral_block_device": [],
            "get_password_data": false,
            "hibernation": false,
            "host_id": "",
            "host_resource_group_arn": null,
            "iam_instance_profile": "",
            "id": "i-03d7afc00d4c1c6dc",
            "instance_initiated_shutdown_behavior": "stop",
            "instance_lifecycle": "",
            "instance_market_options": [],
            "instance_state": "running",
            "instance_type": "t2.micro",
            "ipv6_address_count": 0,
            "ipv6_addresses": [],
            "key_name": "MyTerraformInstanceKey",
            "launch_template": [],
            "maintenance_options": [
              {
                "auto_recovery": "default"
              }
            ],
            "metadata_options": [
              {
                "http_endpoint": "enabled",
                "http_protocol_ipv6": "disabled",
                "http_put_response_hop_limit": 1,
                "http_tokens": "optional",
                "instance_metadata_tags": "disabled"
              }
            ],
            "monitoring": false,
            "network_interface": [],
            "outpost_arn": "",
            "password_data": "",
            "placement_group": "",
            "placement_partition_number": 0,
            "primary_network_interface_id": "eni-02baf16015e9e5202",
            "private_dns": "ip-10-0-101-104.ec2.internal",
            "private_dns_name_options": [
              {
                "enable_resource_name_dns_a_record": false,
                "enable_resource_name_dns_aaaa_record": false,
                "hostname_type": "ip-name"
              }
            ],
            "private_ip": "10.0.101.104",
            "public_dns": "",
            "public_ip": "13.223.97.71",
            "root_block_device": [
              {
                "delete_on_termination": true,
                "device_name": "/dev/sda1",
                "encrypted": false,
                "iops": 100,
                "kms_key_id": "",
                "tags": {
                  "Environment": "my-aws-app"
                },
                "tags_all": {
                  "Environment": "my-aws-app"
                },
                "throughput": 0,
                "volume_id": "vol-0a01d34c4e310a580",
                "volume_size": 8,
                "volume_type": "gp2"
              }
            ],
            "secondary_private_ips": [],
            "security_groups": [
              "sg-0245ad729373cff86",
              "sg-034615eed8d83ff66",
              "sg-0a75d1482041bb067",
              "sg-0ff48061c5fa7557d"
            ],
            "source_dest_check": true,
            "spot_instance_request_id": "",
            "subnet_id": "subnet-03e9cd192103db442",
            "tags": {
              "App": "corp_api",
              "Name": "ec2-dev-api-us-east-1a",
              "Owner": "api_mgmt_dev"
            },
            "tags_all": {
              "App": "corp_api",
              "Environment": "my-aws-app",
              "Name": "ec2-dev-api-us-east-1a",
              "Owner": "api_mgmt_dev"
            },
            "tenancy": "default",
            "timeouts": null,
            "user_data": null,
            "user_data_base64": null,
            "user_data_replace_on_change": false,
            "volume_tags": null,
            "vpc_security_group_ids": [
              "sg-0245ad729373cff86",
              "sg-034615eed8d83ff66",
              "sg-0a75d1482041bb067",
              "sg-0ff48061c5fa7557d"
            ]
          },
          "sensitive_attributes": [],
          "identity_schema_version": 0,
          "private": "eyJlMmJmYjczMC1lY2FhLTExZTYtOGY4OC0zNDM2M2JjN2M0YzAiOnsiY3JlYXRlIjo2MDAwMDAwMDAwMDAsImRlbGV0ZSI6MTIwMDAwMDAwMDAwMCwicmVhZCI6OTAwMDAwMDAwMDAwLCJ1cGRhdGUiOjYwMDAwMDAwMDAwMH0sInNjaGVtYV92ZXJzaW9uIjoiMSJ9",
          "dependencies": [
            "aws_key_pair.generated",
            "aws_security_group.ingress-ssh",
            "aws_security_group.my-security-group",
            "aws_security_group.vpc-ping",
            "aws_security_group.vpc-web",
            "aws_subnet.public_subnets",
            "aws_vpc.vpc",
            "data.aws_ami.ubuntu_20_04",
            "data.aws_availability_zones.available",
            "data.aws_region.current",
            "tls_private_key.generated"
          ]
        }
      ]
    },
    {
      "mode": "managed",
      "type": "aws_instance",
      "name": "web_server",
      "provider": "provider[\"registry.terraform.io/hashicorp/aws\"]",
      "instances": [
        {
          "schema_version": 1,
          "attributes": {
            "ami": "ami-0fb0b230890ccd1e6",
            "arn": "arn:aws:ec2:us-east-1:557270420072:instance/i-0f066d297933da698",
            "associate_public_ip_address": true,
            "availability_zone": "us-east-1a",
            "capacity_reservation_specification": [
              {
                "capacity_reservation_preference": "open",
                "capacity_reservation_target": []
              }
            ],
            "cpu_core_count": 1,
            "cpu_options": [
              {
                "amd_sev_snp": "",
                "core_count": 1,
                "threads_per_core": 1
              }
            ],
            "cpu_threads_per_core": 1,
            "credit_specification": [
              {
                "cpu_credits": "standard"
              }
            ],
            "disable_api_stop": false,
            "disable_api_termination": false,
            "ebs_block_device": [],
            "ebs_optimized": false,
            "enable_primary_ipv6": null,
            "enclave_options": [
              {
                "enabled": false
              }
            ],
            "ephemeral_block_device": [],
            "get_password_data": false,
            "hibernation": false,
            "host_id": "",
            "host_resource_group_arn": null,
            "iam_instance_profile": "",
            "id": "i-0f066d297933da698",
            "instance_initiated_shutdown_behavior": "stop",
            "instance_lifecycle": "",
            "instance_market_options": [],
            "instance_state": "running",
            "instance_type": "t2.micro",
            "ipv6_address_count": 0,
            "ipv6_addresses": [],
            "key_name": "",
            "launch_template": [],
            "maintenance_options": [
              {
                "auto_recovery": "default"
              }
            ],
            "metadata_options": [
              {
                "http_endpoint": "enabled",
                "http_protocol_ipv6": "disabled",
                "http_put_response_hop_limit": 1,
                "http_tokens": "optional",
                "instance_metadata_tags": "disabled"
              }
            ],
            "monitoring": false,
            "network_interface": [],
            "outpost_arn": "",
            "password_data": "",
            "placement_group": "",
            "placement_partition_number": 0,
            "primary_network_interface_id": "eni-0bf42604fb590f010",
            "private_dns": "ip-10-0-101-67.ec2.internal",
            "private_dns_name_options": [
              {
                "enable_resource_name_dns_a_record": false,
                "enable_resource_name_dns_aaaa_record": false,
                "hostname_type": "ip-name"
              }
            ],
            "private_ip": "10.0.101.67",
            "public_dns": "",
            "public_ip": "34.201.25.51",
            "root_block_device": [
              {
                "delete_on_termination": true,
                "device_name": "/dev/sda1",
                "encrypted": false,
                "iops": 100,
                "kms_key_id": "",
                "tags": {
                  "Environment": "my-aws-app"
                },
                "tags_all": {
                  "Environment": "my-aws-app"
                },
                "throughput": 0,
                "volume_id": "vol-077e2daaedc97eb19",
                "volume_size": 8,
                "volume_type": "gp2"
              }
            ],
            "secondary_private_ips": [],
            "security_groups": [],
            "source_dest_check": true,
            "spot_instance_request_id": "",
            "subnet_id": "subnet-03e9cd192103db442",
            "tags": {
              "App": "corp_api",
              "Name": "ec2-dev-api-us-east-1a",
              "Owner": "api_mgmt_dev"
            },
            "tags_all": {
              "App": "corp_api",
              "Environment": "my-aws-app",
              "Name": "ec2-dev-api-us-east-1a",
              "Owner": "api_mgmt_dev"
            },
            "tenancy": "default",
            "timeouts": null,
            "user_data": null,
            "user_data_base64": null,
            "user_data_replace_on_change": false,
            "volume_tags": null,
            "vpc_security_group_ids": [
              "sg-0653970466679d26e"
            ]
          },
          "sensitive_attributes": [],
          "identity_schema_version": 0,
          "private": "eyJlMmJmYjczMC1lY2FhLTExZTYtOGY4OC0zNDM2M2JjN2M0YzAiOnsiY3JlYXRlIjo2MDAwMDAwMDAwMDAsImRlbGV0ZSI6MTIwMDAwMDAwMDAwMCwicmVhZCI6OTAwMDAwMDAwMDAwLCJ1cGRhdGUiOjYwMDAwMDAwMDAwMH0sInNjaGVtYV92ZXJzaW9uIjoiMSJ9",
          "dependencies": [
            "aws_subnet.public_subnets",
            "aws_vpc.vpc",
            "data.aws_ami.ubuntu_20_04",
            "data.aws_availability_zones.available",
            "data.aws_region.current"
          ]
        }
      ]
    },
    {
      "mode": "managed",
      "type": "aws_internet_gateway",
      "name": "internet_gateway",
      "provider": "provider[\"registry.terraform.io/hashicorp/aws\"]",
      "instances": [
        {
          "schema_version": 0,
          "attributes": {
            "arn": "arn:aws:ec2:us-east-1:557270420072:internet-gateway/igw-0247a8a2a9622cf92",
            "id": "igw-0247a8a2a9622cf92",
            "owner_id": "557270420072",
            "tags": {
              "Name": "demo_igw"
            },
            "tags_all": {
              "Environment": "my-aws-app",
              "Name": "demo_igw"
            },
            "timeouts": null,
            "vpc_id": "vpc-05358688a91117278"
          },
          "sensitive_attributes": [],
          "identity_schema_version": 0,
          "private": "eyJlMmJmYjczMC1lY2FhLTExZTYtOGY4OC0zNDM2M2JjN2M0YzAiOnsiY3JlYXRlIjoxMjAwMDAwMDAwMDAwLCJkZWxldGUiOjEyMDAwMDAwMDAwMDAsInVwZGF0ZSI6MTIwMDAwMDAwMDAwMH19",
          "dependencies": [
            "aws_vpc.vpc",
            "data.aws_region.current"
          ]
        }
      ]
    },
    {
      "mode": "managed",
      "type": "aws_key_pair",
      "name": "generated",
      "provider": "provider[\"registry.terraform.io/hashicorp/aws\"]",
      "instances": [
        {
          "schema_version": 1,
          "attributes": {
            "arn": "arn:aws:ec2:us-east-1:557270420072:key-pair/MyTerraformInstanceKey",
            "fingerprint": "54:24:a8:d8:5d:d3:68:9a:ca:ff:1d:ab:23:c7:5d:e2",
            "id": "MyTerraformInstanceKey",
            "key_name": "MyTerraformInstanceKey",
            "key_name_prefix": "",
            "key_pair_id": "key-006a41f31698a551e",
            "key_type": "rsa",
            "public_key": "ssh-rsa AAAAB3NzaC1yc2EAAAADAQABAAABAQCgQjDaL5cBSqopCclzgrdoOKZdIsldusSuz/DMYvu0f4usSDZQgfSNCOuO0Fjy7N8imZYoSrMg4UdldtEbPIL8CHwmfjArkzyJF9sJ/6opMt5lZJswFKN+rVgr1y06u/0la6Dx14/oni7ytG6FfhdDqBNoQugjwuWxhWi4TDDBAIKFrNSPVYn4GYcJaWWfNDPIkE2hF939bmkDldzFSylwIguGuDFfS+uBkFPQhWUHSl4Yw5cyHUGAxniDdBbR2sm+D/XqpyBasHp1KxTC9lZ1tizQnQPK9JU6HYu1zke0NtJJGlHTpap5ybju6mmbf7D3lEbpgmZ9bMxnS9Gq4IUB",
            "tags": null,
            "tags_all": {
              "Environment": "my-aws-app"
            }
          },
          "sensitive_attributes": [],
          "identity_schema_version": 0,
          "private": "eyJzY2hlbWFfdmVyc2lvbiI6IjEifQ==",
          "dependencies": [
            "tls_private_key.generated"
          ]
        }
      ]
    },
    {
      "mode": "managed",
      "type": "aws_nat_gateway",
      "name": "nat_gateway",
      "provider": "provider[\"registry.terraform.io/hashicorp/aws\"]",
      "instances": [
        {
          "schema_version": 0,
          "attributes": {
            "allocation_id": "eipalloc-033879ff71c52dd16",
            "association_id": "eipassoc-068b8f51d8ad568ca",
            "connectivity_type": "public",
            "id": "nat-0dd7cc05bbf30ed43",
            "network_interface_id": "eni-0b52247626e7dd5f6",
            "private_ip": "10.0.101.132",
            "public_ip": "35.173.18.198",
            "secondary_allocation_ids": null,
            "secondary_private_ip_address_count": 0,
            "secondary_private_ip_addresses": [],
            "subnet_id": "subnet-03e9cd192103db442",
            "tags": {
              "Name": "demo_nat_gateway"
            },
            "tags_all": {
              "Environment": "my-aws-app",
              "Name": "demo_nat_gateway"
            },
            "timeouts": null
          },
          "sensitive_attributes": [],
          "identity_schema_version": 0,
          "private": "eyJlMmJmYjczMC1lY2FhLTExZTYtOGY4OC0zNDM2M2JjN2M0YzAiOnsiY3JlYXRlIjo2MDAwMDAwMDAwMDAsImRlbGV0ZSI6MTgwMDAwMDAwMDAwMCwidXBkYXRlIjo2MDAwMDAwMDAwMDB9fQ==",
          "dependencies": [
            "aws_eip.nat_gateway_eip",
            "aws_internet_gateway.internet_gateway",
            "aws_subnet.public_subnets",
            "aws_vpc.vpc",
            "data.aws_availability_zones.available",
            "data.aws_region.current"
          ]
        }
      ]
    },
    {
      "mode": "managed",
      "type": "aws_route_table",
      "name": "private_route_table",
      "provider": "provider[\"registry.terraform.io/hashicorp/aws\"]",
      "instances": [
        {
          "schema_version": 0,
          "attributes": {
            "arn": "arn:aws:ec2:us-east-1:557270420072:route-table/rtb-0f57afd68c8b735b7",
            "id": "rtb-0f57afd68c8b735b7",
            "owner_id": "557270420072",
            "propagating_vgws": [],
            "route": [
              {
                "carrier_gateway_id": "",
                "cidr_block": "0.0.0.0/0",
                "core_network_arn": "",
                "destination_prefix_list_id": "",
                "egress_only_gateway_id": "",
                "gateway_id": "",
                "ipv6_cidr_block": "",
                "local_gateway_id": "",
                "nat_gateway_id": "nat-0dd7cc05bbf30ed43",
                "network_interface_id": "",
                "transit_gateway_id": "",
                "vpc_endpoint_id": "",
                "vpc_peering_connection_id": ""
              }
            ],
            "tags": {
              "Name": "demo_private_rtb",
              "Terraform": "true"
            },
            "tags_all": {
              "Environment": "my-aws-app",
              "Name": "demo_private_rtb",
              "Terraform": "true"
            },
            "timeouts": null,
            "vpc_id": "vpc-05358688a91117278"
          },
          "sensitive_attributes": [],
          "identity_schema_version": 0,
          "private": "eyJlMmJmYjczMC1lY2FhLTExZTYtOGY4OC0zNDM2M2JjN2M0YzAiOnsiY3JlYXRlIjozMDAwMDAwMDAwMDAsImRlbGV0ZSI6MzAwMDAwMDAwMDAwLCJ1cGRhdGUiOjEyMDAwMDAwMDAwMH19",
          "dependencies": [
            "aws_eip.nat_gateway_eip",
            "aws_internet_gateway.internet_gateway",
            "aws_nat_gateway.nat_gateway",
            "aws_subnet.public_subnets",
            "aws_vpc.vpc",
            "data.aws_availability_zones.available",
            "data.aws_region.current"
          ]
        }
      ]
    },
    {
      "mode": "managed",
      "type": "aws_route_table",
      "name": "public_route_table",
      "provider": "provider[\"registry.terraform.io/hashicorp/aws\"]",
      "instances": [
        {
          "schema_version": 0,
          "attributes": {
            "arn": "arn:aws:ec2:us-east-1:557270420072:route-table/rtb-01fc383600fc5b599",
            "id": "rtb-01fc383600fc5b599",
            "owner_id": "557270420072",
            "propagating_vgws": [],
            "route": [
              {
                "carrier_gateway_id": "",
                "cidr_block": "0.0.0.0/0",
                "core_network_arn": "",
                "destination_prefix_list_id": "",
                "egress_only_gateway_id": "",
                "gateway_id": "igw-0247a8a2a9622cf92",
                "ipv6_cidr_block": "",
                "local_gateway_id": "",
                "nat_gateway_id": "",
                "network_interface_id": "",
                "transit_gateway_id": "",
                "vpc_endpoint_id": "",
                "vpc_peering_connection_id": ""
              }
            ],
            "tags": {
              "Name": "demo_public_rtb",
              "Terraform": "true"
            },
            "tags_all": {
              "Environment": "my-aws-app",
              "Name": "demo_public_rtb",
              "Terraform": "true"
            },
            "timeouts": null,
            "vpc_id": "vpc-05358688a91117278"
          },
          "sensitive_attributes": [],
          "identity_schema_version": 0,
          "private": "eyJlMmJmYjczMC1lY2FhLTExZTYtOGY4OC0zNDM2M2JjN2M0YzAiOnsiY3JlYXRlIjozMDAwMDAwMDAwMDAsImRlbGV0ZSI6MzAwMDAwMDAwMDAwLCJ1cGRhdGUiOjEyMDAwMDAwMDAwMH19",
          "dependencies": [
            "aws_internet_gateway.internet_gateway",
            "aws_vpc.vpc",
            "data.aws_region.current"
          ]
        }
      ]
    },
    {
      "mode": "managed",
      "type": "aws_route_table_association",
      "name": "private",
      "provider": "provider[\"registry.terraform.io/hashicorp/aws\"]",
      "instances": [
        {
          "index_key": "private_subnet_1",
          "schema_version": 0,
          "attributes": {
            "gateway_id": "",
            "id": "rtbassoc-051db7b71f59c1b61",
            "route_table_id": "rtb-0f57afd68c8b735b7",
            "subnet_id": "subnet-0bc6f4f7cc61703e8",
            "timeouts": null
          },
          "sensitive_attributes": [],
          "identity_schema_version": 0,
          "private": "eyJlMmJmYjczMC1lY2FhLTExZTYtOGY4OC0zNDM2M2JjN2M0YzAiOnsiY3JlYXRlIjozMDAwMDAwMDAwMDAsImRlbGV0ZSI6MzAwMDAwMDAwMDAwLCJ1cGRhdGUiOjEyMDAwMDAwMDAwMH19",
          "dependencies": [
            "aws_eip.nat_gateway_eip",
            "aws_internet_gateway.internet_gateway",
            "aws_nat_gateway.nat_gateway",
            "aws_route_table.private_route_table",
            "aws_subnet.private_subnets",
            "aws_subnet.public_subnets",
            "aws_vpc.vpc",
            "data.aws_availability_zones.available",
            "data.aws_region.current"
          ]
        },
        {
          "index_key": "private_subnet_2",
          "schema_version": 0,
          "attributes": {
            "gateway_id": "",
            "id": "rtbassoc-0260f99d1cf98e4d8",
            "route_table_id": "rtb-0f57afd68c8b735b7",
            "subnet_id": "subnet-0ad8f61af841caafd",
            "timeouts": null
          },
          "sensitive_attributes": [],
          "identity_schema_version": 0,
          "private": "eyJlMmJmYjczMC1lY2FhLTExZTYtOGY4OC0zNDM2M2JjN2M0YzAiOnsiY3JlYXRlIjozMDAwMDAwMDAwMDAsImRlbGV0ZSI6MzAwMDAwMDAwMDAwLCJ1cGRhdGUiOjEyMDAwMDAwMDAwMH19",
          "dependencies": [
            "aws_eip.nat_gateway_eip",
            "aws_internet_gateway.internet_gateway",
            "aws_nat_gateway.nat_gateway",
            "aws_route_table.private_route_table",
            "aws_subnet.private_subnets",
            "aws_subnet.public_subnets",
            "aws_vpc.vpc",
            "data.aws_availability_zones.available",
            "data.aws_region.current"
          ]
        },
        {
          "index_key": "private_subnet_3",
          "schema_version": 0,
          "attributes": {
            "gateway_id": "",
            "id": "rtbassoc-0f9eaad7178741440",
            "route_table_id": "rtb-0f57afd68c8b735b7",
            "subnet_id": "subnet-0619f75a1d1094386",
            "timeouts": null
          },
          "sensitive_attributes": [],
          "identity_schema_version": 0,
          "private": "eyJlMmJmYjczMC1lY2FhLTExZTYtOGY4OC0zNDM2M2JjN2M0YzAiOnsiY3JlYXRlIjozMDAwMDAwMDAwMDAsImRlbGV0ZSI6MzAwMDAwMDAwMDAwLCJ1cGRhdGUiOjEyMDAwMDAwMDAwMH19",
          "dependencies": [
            "aws_eip.nat_gateway_eip",
            "aws_internet_gateway.internet_gateway",
            "aws_nat_gateway.nat_gateway",
            "aws_route_table.private_route_table",
            "aws_subnet.private_subnets",
            "aws_subnet.public_subnets",
            "aws_vpc.vpc",
            "data.aws_availability_zones.available",
            "data.aws_region.current"
          ]
        }
      ]
    },
    {
      "mode": "managed",
      "type": "aws_route_table_association",
      "name": "public",
      "provider": "provider[\"registry.terraform.io/hashicorp/aws\"]",
      "instances": [
        {
          "index_key": "public_subnet_1",
          "schema_version": 0,
          "attributes": {
            "gateway_id": "",
            "id": "rtbassoc-0c7f067096eeb4c3e",
            "route_table_id": "rtb-01fc383600fc5b599",
            "subnet_id": "subnet-03e9cd192103db442",
            "timeouts": null
          },
          "sensitive_attributes": [],
          "identity_schema_version": 0,
          "private": "eyJlMmJmYjczMC1lY2FhLTExZTYtOGY4OC0zNDM2M2JjN2M0YzAiOnsiY3JlYXRlIjozMDAwMDAwMDAwMDAsImRlbGV0ZSI6MzAwMDAwMDAwMDAwLCJ1cGRhdGUiOjEyMDAwMDAwMDAwMH19",
          "dependencies": [
            "aws_internet_gateway.internet_gateway",
            "aws_route_table.public_route_table",
            "aws_subnet.public_subnets",
            "aws_vpc.vpc",
            "data.aws_availability_zones.available",
            "data.aws_region.current"
          ]
        },
        {
          "index_key": "public_subnet_2",
          "schema_version": 0,
          "attributes": {
            "gateway_id": "",
            "id": "rtbassoc-0466e453dab49bbdb",
            "route_table_id": "rtb-01fc383600fc5b599",
            "subnet_id": "subnet-097ea7c464fbc5b32",
            "timeouts": null
          },
          "sensitive_attributes": [],
          "identity_schema_version": 0,
          "private": "eyJlMmJmYjczMC1lY2FhLTExZTYtOGY4OC0zNDM2M2JjN2M0YzAiOnsiY3JlYXRlIjozMDAwMDAwMDAwMDAsImRlbGV0ZSI6MzAwMDAwMDAwMDAwLCJ1cGRhdGUiOjEyMDAwMDAwMDAwMH19",
          "dependencies": [
            "aws_internet_gateway.internet_gateway",
            "aws_route_table.public_route_table",
            "aws_subnet.public_subnets",
            "aws_vpc.vpc",
            "data.aws_availability_zones.available",
            "data.aws_region.current"
          ]
        },
        {
          "index_key": "public_subnet_3",
          "schema_version": 0,
          "attributes": {
            "gateway_id": "",
            "id": "rtbassoc-028676ce886021f45",
            "route_table_id": "rtb-01fc383600fc5b599",
            "subnet_id": "subnet-08cce7e5297ccf164",
            "timeouts": null
          },
          "sensitive_attributes": [],
          "identity_schema_version": 0,
          "private": "eyJlMmJmYjczMC1lY2FhLTExZTYtOGY4OC0zNDM2M2JjN2M0YzAiOnsiY3JlYXRlIjozMDAwMDAwMDAwMDAsImRlbGV0ZSI6MzAwMDAwMDAwMDAwLCJ1cGRhdGUiOjEyMDAwMDAwMDAwMH19",
          "dependencies": [
            "aws_internet_gateway.internet_gateway",
            "aws_route_table.public_route_table",
            "aws_subnet.public_subnets",
            "aws_vpc.vpc",
            "data.aws_availability_zones.available",
            "data.aws_region.current"
          ]
        }
      ]
    },
    {
      "mode": "managed",
      "type": "aws_s3_bucket",
      "name": "my-new-S3-bucket",
      "provider": "provider[\"registry.terraform.io/hashicorp/aws\"]",
      "instances": [
        {
          "schema_version": 0,
          "attributes": {
            "acceleration_status": "",
            "acl": null,
            "arn": "arn:aws:s3:::terraform-handson-lab-cf8e317a1048f9dd7e4ea6dfb5c72ec1",
            "bucket": "terraform-handson-lab-cf8e317a1048f9dd7e4ea6dfb5c72ec1",
            "bucket_domain_name": "terraform-handson-lab-cf8e317a1048f9dd7e4ea6dfb5c72ec1.s3.amazonaws.com",
            "bucket_prefix": "terraform-handson-lab-cf8e31",
            "bucket_regional_domain_name": "terraform-handson-lab-cf8e317a1048f9dd7e4ea6dfb5c72ec1.s3.us-east-1.amazonaws.com",
            "cors_rule": [],
            "force_destroy": false,
            "grant": [
              {
                "id": "7782a002f52e733fa4077bf746552f439894ea9090daf08b9c67a4ddbc3d6d35",
                "permissions": [
                  "FULL_CONTROL"
                ],
                "type": "CanonicalUser",
                "uri": ""
              }
            ],
            "hosted_zone_id": "Z3AQBSTGFYJSTF",
            "id": "terraform-handson-lab-cf8e317a1048f9dd7e4ea6dfb5c72ec1",
            "lifecycle_rule": [],
            "logging": [],
            "object_lock_configuration": [],
            "object_lock_enabled": false,
            "policy": "",
            "region": "us-east-1",
            "replication_configuration": [],
            "request_payer": "BucketOwner",
            "server_side_encryption_configuration": [
              {
                "rule": [
                  {
                    "apply_server_side_encryption_by_default": [
                      {
                        "kms_master_key_id": "",
                        "sse_algorithm": "AES256"
                      }
                    ],
                    "bucket_key_enabled": false
                  }
                ]
              }
            ],
            "tags": {
              "Name": "Terraform-learning-bucket",
              "Purpose": "Intro to Resource Blocks Lab"
            },
            "tags_all": {
              "Environment": "my-aws-app",
              "Name": "Terraform-learning-bucket",
              "Purpose": "Intro to Resource Blocks Lab"
            },
            "timeouts": null,
            "versioning": [
              {
                "enabled": false,
                "mfa_delete": false
              }
            ],
            "website": [],
            "website_domain": null,
            "website_endpoint": null
          },
          "sensitive_attributes": [],
          "identity_schema_version": 0,
          "private": "eyJlMmJmYjczMC1lY2FhLTExZTYtOGY4OC0zNDM2M2JjN2M0YzAiOnsiY3JlYXRlIjoxMjAwMDAwMDAwMDAwLCJkZWxldGUiOjM2MDAwMDAwMDAwMDAsInJlYWQiOjEyMDAwMDAwMDAwMDAsInVwZGF0ZSI6MTIwMDAwMDAwMDAwMH19",
          "dependencies": [
            "random_id.randomness"
          ]
        }
      ]
    },
    {
      "mode": "managed",
      "type": "aws_s3_bucket_ownership_controls",
      "name": "this",
      "provider": "provider[\"registry.terraform.io/hashicorp/aws\"]",
      "instances": [
        {
          "schema_version": 0,
          "attributes": {
            "bucket": "terraform-handson-lab-cf8e317a1048f9dd7e4ea6dfb5c72ec1",
            "id": "terraform-handson-lab-cf8e317a1048f9dd7e4ea6dfb5c72ec1",
            "rule": [
              {
                "object_ownership": "BucketOwnerEnforced"
              }
            ]
          },
          "sensitive_attributes": [],
          "identity_schema_version": 0,
          "private": "bnVsbA==",
          "dependencies": [
            "aws_s3_bucket.my-new-S3-bucket",
            "random_id.randomness"
          ]
        }
      ]
    },
    {
      "mode": "managed",
      "type": "aws_security_group",
      "name": "ingress-ssh",
      "provider": "provider[\"registry.terraform.io/hashicorp/aws\"]",
      "instances": [
        {
          "schema_version": 1,
          "attributes": {
            "arn": "arn:aws:ec2:us-east-1:557270420072:security-group/sg-0245ad729373cff86",
            "description": "Managed by Terraform",
            "egress": [
              {
                "cidr_blocks": [
                  "0.0.0.0/0"
                ],
                "description": "",
                "from_port": 0,
                "ipv6_cidr_blocks": [],
                "prefix_list_ids": [],
                "protocol": "-1",
                "security_groups": [],
                "self": false,
                "to_port": 0
              }
            ],
            "id": "sg-0245ad729373cff86",
            "ingress": [
              {
                "cidr_blocks": [
                  "0.0.0.0/0"
                ],
                "description": "",
                "from_port": 22,
                "ipv6_cidr_blocks": [],
                "prefix_list_ids": [],
                "protocol": "tcp",
                "security_groups": [],
                "self": false,
                "to_port": 22
              }
            ],
            "name": "allow-all-ssh",
            "name_prefix": "",
            "owner_id": "557270420072",
            "revoke_rules_on_delete": false,
            "tags": null,
            "tags_all": {
              "Environment": "my-aws-app"
            },
            "timeouts": null,
            "vpc_id": "vpc-05358688a91117278"
          },
          "sensitive_attributes": [],
          "identity_schema_version": 0,
          "private": "eyJlMmJmYjczMC1lY2FhLTExZTYtOGY4OC0zNDM2M2JjN2M0YzAiOnsiY3JlYXRlIjo2MDAwMDAwMDAwMDAsImRlbGV0ZSI6OTAwMDAwMDAwMDAwfSwic2NoZW1hX3ZlcnNpb24iOiIxIn0=",
          "dependencies": [
            "aws_vpc.vpc",
            "data.aws_region.current"
          ]
        }
      ]
    },
    {
      "mode": "managed",
      "type": "aws_security_group",
      "name": "my-security-group",
      "provider": "provider[\"registry.terraform.io/hashicorp/aws\"]",
      "instances": [
        {
          "schema_version": 1,
          "attributes": {
            "arn": "arn:aws:ec2:us-east-1:557270420072:security-group/sg-0a75d1482041bb067",
            "description": "Allow inbound traffic on tcp/443",
            "egress": [],
            "id": "sg-0a75d1482041bb067",
            "ingress": [
              {
                "cidr_blocks": [
                  "0.0.0.0/0"
                ],
                "description": "Allow 443 from the Internet",
                "from_port": 443,
                "ipv6_cidr_blocks": [],
                "prefix_list_ids": [],
                "protocol": "tcp",
                "security_groups": [],
                "self": false,
                "to_port": 443
              }
            ],
            "name": "web_server_inbound",
            "name_prefix": "",
            "owner_id": "557270420072",
            "revoke_rules_on_delete": false,
            "tags": {
              "Name": "web_server_inbound",
              "Purpose": "Intro to Resource Blocks Lab"
            },
            "tags_all": {
              "Environment": "my-aws-app",
              "Name": "web_server_inbound",
              "Purpose": "Intro to Resource Blocks Lab"
            },
            "timeouts": null,
            "vpc_id": "vpc-05358688a91117278"
          },
          "sensitive_attributes": [],
          "identity_schema_version": 0,
          "private": "eyJlMmJmYjczMC1lY2FhLTExZTYtOGY4OC0zNDM2M2JjN2M0YzAiOnsiY3JlYXRlIjo2MDAwMDAwMDAwMDAsImRlbGV0ZSI6OTAwMDAwMDAwMDAwfSwic2NoZW1hX3ZlcnNpb24iOiIxIn0=",
          "dependencies": [
            "aws_vpc.vpc",
            "data.aws_region.current"
          ]
        }
      ]
    },
    {
      "mode": "managed",
      "type": "aws_security_group",
      "name": "vpc-ping",
      "provider": "provider[\"registry.terraform.io/hashicorp/aws\"]",
      "instances": [
        {
          "schema_version": 1,
          "attributes": {
            "arn": "arn:aws:ec2:us-east-1:557270420072:security-group/sg-034615eed8d83ff66",
            "description": "ICMP for Ping Access",
            "egress": [
              {
                "cidr_blocks": [
                  "0.0.0.0/0"
                ],
                "description": "Allow all ip and ports outbound",
                "from_port": 0,
                "ipv6_cidr_blocks": [],
                "prefix_list_ids": [],
                "protocol": "-1",
                "security_groups": [],
                "self": false,
                "to_port": 0
              }
            ],
            "id": "sg-034615eed8d83ff66",
            "ingress": [
              {
                "cidr_blocks": [
                  "0.0.0.0/0"
                ],
                "description": "Allow ICMP Traffic",
                "from_port": -1,
                "ipv6_cidr_blocks": [],
                "prefix_list_ids": [],
                "protocol": "icmp",
                "security_groups": [],
                "self": false,
                "to_port": -1
              }
            ],
            "name": "vpc-ping",
            "name_prefix": "",
            "owner_id": "557270420072",
            "revoke_rules_on_delete": false,
            "tags": null,
            "tags_all": {
              "Environment": "my-aws-app"
            },
            "timeouts": null,
            "vpc_id": "vpc-05358688a91117278"
          },
          "sensitive_attributes": [],
          "identity_schema_version": 0,
          "private": "eyJlMmJmYjczMC1lY2FhLTExZTYtOGY4OC0zNDM2M2JjN2M0YzAiOnsiY3JlYXRlIjo2MDAwMDAwMDAwMDAsImRlbGV0ZSI6OTAwMDAwMDAwMDAwfSwic2NoZW1hX3ZlcnNpb24iOiIxIn0=",
          "dependencies": [
            "aws_vpc.vpc",
            "data.aws_region.current"
          ]
        }
      ]
    },
    {
      "mode": "managed",
      "type": "aws_security_group",
      "name": "vpc-web",
      "provider": "provider[\"registry.terraform.io/hashicorp/aws\"]",
      "instances": [
        {
          "schema_version": 1,
          "attributes": {
            "arn": "arn:aws:ec2:us-east-1:557270420072:security-group/sg-0ff48061c5fa7557d",
            "description": "Web Traffic",
            "egress": [
              {
                "cidr_blocks": [
                  "0.0.0.0/0"
                ],
                "description": "Allow all ip and ports outbound",
                "from_port": 0,
                "ipv6_cidr_blocks": [],
                "prefix_list_ids": [],
                "protocol": "-1",
                "security_groups": [],
                "self": false,
                "to_port": 0
              }
            ],
            "id": "sg-0ff48061c5fa7557d",
            "ingress": [
              {
                "cidr_blocks": [
                  "0.0.0.0/0"
                ],
                "description": "Allow Port 443",
                "from_port": 443,
                "ipv6_cidr_blocks": [],
                "prefix_list_ids": [],
                "protocol": "tcp",
                "security_groups": [],
                "self": false,
                "to_port": 443
              },
              {
                "cidr_blocks": [
                  "0.0.0.0/0"
                ],
                "description": "Allow Port 80",
                "from_port": 80,
                "ipv6_cidr_blocks": [],
                "prefix_list_ids": [],
                "protocol": "tcp",
                "security_groups": [],
                "self": false,
                "to_port": 80
              }
            ],
            "name": "vpc-web-my-aws-app",
            "name_prefix": "",
            "owner_id": "557270420072",
            "revoke_rules_on_delete": false,
            "tags": null,
            "tags_all": {
              "Environment": "my-aws-app"
            },
            "timeouts": null,
            "vpc_id": "vpc-05358688a91117278"
          },
          "sensitive_attributes": [],
          "identity_schema_version": 0,
          "private": "eyJlMmJmYjczMC1lY2FhLTExZTYtOGY4OC0zNDM2M2JjN2M0YzAiOnsiY3JlYXRlIjo2MDAwMDAwMDAwMDAsImRlbGV0ZSI6OTAwMDAwMDAwMDAwfSwic2NoZW1hX3ZlcnNpb24iOiIxIn0=",
          "dependencies": [
            "aws_vpc.vpc",
            "data.aws_region.current"
          ]
        }
      ]
    },
    {
      "mode": "managed",
      "type": "aws_subnet",
      "name": "private_subnets",
      "provider": "provider[\"registry.terraform.io/hashicorp/aws\"]",
      "instances": [
        {
          "index_key": "private_subnet_1",
          "schema_version": 1,
          "attributes": {
            "arn": "arn:aws:ec2:us-east-1:557270420072:subnet/subnet-0bc6f4f7cc61703e8",
            "assign_ipv6_address_on_creation": false,
            "availability_zone": "us-east-1a",
            "availability_zone_id": "use1-az1",
            "cidr_block": "10.0.1.0/24",
            "customer_owned_ipv4_pool": "",
            "enable_dns64": false,
            "enable_lni_at_device_index": 0,
            "enable_resource_name_dns_a_record_on_launch": false,
            "enable_resource_name_dns_aaaa_record_on_launch": false,
            "id": "subnet-0bc6f4f7cc61703e8",
            "ipv6_cidr_block": "",
            "ipv6_cidr_block_association_id": "",
            "ipv6_native": false,
            "map_customer_owned_ip_on_launch": false,
            "map_public_ip_on_launch": false,
            "outpost_arn": "",
            "owner_id": "557270420072",
            "private_dns_hostname_type_on_launch": "ip-name",
            "tags": {
              "Name": "private_subnet_1",
              "Terraform": "true"
            },
            "tags_all": {
              "Environment": "my-aws-app",
              "Name": "private_subnet_1",
              "Terraform": "true"
            },
            "timeouts": null,
            "vpc_id": "vpc-05358688a91117278"
          },
          "sensitive_attributes": [],
          "identity_schema_version": 0,
          "private": "eyJlMmJmYjczMC1lY2FhLTExZTYtOGY4OC0zNDM2M2JjN2M0YzAiOnsiY3JlYXRlIjo2MDAwMDAwMDAwMDAsImRlbGV0ZSI6MTIwMDAwMDAwMDAwMH0sInNjaGVtYV92ZXJzaW9uIjoiMSJ9",
          "dependencies": [
            "aws_vpc.vpc",
            "data.aws_availability_zones.available",
            "data.aws_region.current"
          ],
          "create_before_destroy": true
        },
        {
          "index_key": "private_subnet_2",
          "schema_version": 1,
          "attributes": {
            "arn": "arn:aws:ec2:us-east-1:557270420072:subnet/subnet-0ad8f61af841caafd",
            "assign_ipv6_address_on_creation": false,
            "availability_zone": "us-east-1b",
            "availability_zone_id": "use1-az2",
            "cidr_block": "10.0.2.0/24",
            "customer_owned_ipv4_pool": "",
            "enable_dns64": false,
            "enable_lni_at_device_index": 0,
            "enable_resource_name_dns_a_record_on_launch": false,
            "enable_resource_name_dns_aaaa_record_on_launch": false,
            "id": "subnet-0ad8f61af841caafd",
            "ipv6_cidr_block": "",
            "ipv6_cidr_block_association_id": "",
            "ipv6_native": false,
            "map_customer_owned_ip_on_launch": false,
            "map_public_ip_on_launch": false,
            "outpost_arn": "",
            "owner_id": "557270420072",
            "private_dns_hostname_type_on_launch": "ip-name",
            "tags": {
              "Name": "private_subnet_2",
              "Terraform": "true"
            },
            "tags_all": {
              "Environment": "my-aws-app",
              "Name": "private_subnet_2",
              "Terraform": "true"
            },
            "timeouts": null,
            "vpc_id": "vpc-05358688a91117278"
          },
          "sensitive_attributes": [],
          "identity_schema_version": 0,
          "private": "eyJlMmJmYjczMC1lY2FhLTExZTYtOGY4OC0zNDM2M2JjN2M0YzAiOnsiY3JlYXRlIjo2MDAwMDAwMDAwMDAsImRlbGV0ZSI6MTIwMDAwMDAwMDAwMH0sInNjaGVtYV92ZXJzaW9uIjoiMSJ9",
          "dependencies": [
            "aws_vpc.vpc",
            "data.aws_availability_zones.available",
            "data.aws_region.current"
          ],
          "create_before_destroy": true
        },
        {
          "index_key": "private_subnet_3",
          "schema_version": 1,
          "attributes": {
            "arn": "arn:aws:ec2:us-east-1:557270420072:subnet/subnet-0619f75a1d1094386",
            "assign_ipv6_address_on_creation": false,
            "availability_zone": "us-east-1c",
            "availability_zone_id": "use1-az4",
            "cidr_block": "10.0.3.0/24",
            "customer_owned_ipv4_pool": "",
            "enable_dns64": false,
            "enable_lni_at_device_index": 0,
            "enable_resource_name_dns_a_record_on_launch": false,
            "enable_resource_name_dns_aaaa_record_on_launch": false,
            "id": "subnet-0619f75a1d1094386",
            "ipv6_cidr_block": "",
            "ipv6_cidr_block_association_id": "",
            "ipv6_native": false,
            "map_customer_owned_ip_on_launch": false,
            "map_public_ip_on_launch": false,
            "outpost_arn": "",
            "owner_id": "557270420072",
            "private_dns_hostname_type_on_launch": "ip-name",
            "tags": {
              "Name": "private_subnet_3",
              "Terraform": "true"
            },
            "tags_all": {
              "Environment": "my-aws-app",
              "Name": "private_subnet_3",
              "Terraform": "true"
            },
            "timeouts": null,
            "vpc_id": "vpc-05358688a91117278"
          },
          "sensitive_attributes": [],
          "identity_schema_version": 0,
          "private": "eyJlMmJmYjczMC1lY2FhLTExZTYtOGY4OC0zNDM2M2JjN2M0YzAiOnsiY3JlYXRlIjo2MDAwMDAwMDAwMDAsImRlbGV0ZSI6MTIwMDAwMDAwMDAwMH0sInNjaGVtYV92ZXJzaW9uIjoiMSJ9",
          "dependencies": [
            "aws_vpc.vpc",
            "data.aws_availability_zones.available",
            "data.aws_region.current"
          ],
          "create_before_destroy": true
        }
      ]
    },
    {
      "mode": "managed",
      "type": "aws_subnet",
      "name": "public_subnets",
      "provider": "provider[\"registry.terraform.io/hashicorp/aws\"]",
      "instances": [
        {
          "index_key": "public_subnet_1",
          "schema_version": 1,
          "attributes": {
            "arn": "arn:aws:ec2:us-east-1:557270420072:subnet/subnet-03e9cd192103db442",
            "assign_ipv6_address_on_creation": false,
            "availability_zone": "us-east-1a",
            "availability_zone_id": "use1-az1",
            "cidr_block": "10.0.101.0/24",
            "customer_owned_ipv4_pool": "",
            "enable_dns64": false,
            "enable_lni_at_device_index": 0,
            "enable_resource_name_dns_a_record_on_launch": false,
            "enable_resource_name_dns_aaaa_record_on_launch": false,
            "id": "subnet-03e9cd192103db442",
            "ipv6_cidr_block": "",
            "ipv6_cidr_block_association_id": "",
            "ipv6_native": false,
            "map_customer_owned_ip_on_launch": false,
            "map_public_ip_on_launch": true,
            "outpost_arn": "",
            "owner_id": "557270420072",
            "private_dns_hostname_type_on_launch": "ip-name",
            "tags": {
              "Name": "public_subnet_1",
              "Terraform": "true"
            },
            "tags_all": {
              "Environment": "my-aws-app",
              "Name": "public_subnet_1",
              "Terraform": "true"
            },
            "timeouts": null,
            "vpc_id": "vpc-05358688a91117278"
          },
          "sensitive_attributes": [],
          "identity_schema_version": 0,
          "private": "eyJlMmJmYjczMC1lY2FhLTExZTYtOGY4OC0zNDM2M2JjN2M0YzAiOnsiY3JlYXRlIjo2MDAwMDAwMDAwMDAsImRlbGV0ZSI6MTIwMDAwMDAwMDAwMH0sInNjaGVtYV92ZXJzaW9uIjoiMSJ9",
          "dependencies": [
            "aws_vpc.vpc",
            "data.aws_availability_zones.available",
            "data.aws_region.current"
          ]
        },
        {
          "index_key": "public_subnet_2",
          "schema_version": 1,
          "attributes": {
            "arn": "arn:aws:ec2:us-east-1:557270420072:subnet/subnet-097ea7c464fbc5b32",
            "assign_ipv6_address_on_creation": false,
            "availability_zone": "us-east-1b",
            "availability_zone_id": "use1-az2",
            "cidr_block": "10.0.102.0/24",
            "customer_owned_ipv4_pool": "",
            "enable_dns64": false,
            "enable_lni_at_device_index": 0,
            "enable_resource_name_dns_a_record_on_launch": false,
            "enable_resource_name_dns_aaaa_record_on_launch": false,
            "id": "subnet-097ea7c464fbc5b32",
            "ipv6_cidr_block": "",
            "ipv6_cidr_block_association_id": "",
            "ipv6_native": false,
            "map_customer_owned_ip_on_launch": false,
            "map_public_ip_on_launch": true,
            "outpost_arn": "",
            "owner_id": "557270420072",
            "private_dns_hostname_type_on_launch": "ip-name",
            "tags": {
              "Name": "public_subnet_2",
              "Terraform": "true"
            },
            "tags_all": {
              "Environment": "my-aws-app",
              "Name": "public_subnet_2",
              "Terraform": "true"
            },
            "timeouts": null,
            "vpc_id": "vpc-05358688a91117278"
          },
          "sensitive_attributes": [],
          "identity_schema_version": 0,
          "private": "eyJlMmJmYjczMC1lY2FhLTExZTYtOGY4OC0zNDM2M2JjN2M0YzAiOnsiY3JlYXRlIjo2MDAwMDAwMDAwMDAsImRlbGV0ZSI6MTIwMDAwMDAwMDAwMH0sInNjaGVtYV92ZXJzaW9uIjoiMSJ9",
          "dependencies": [
            "aws_vpc.vpc",
            "data.aws_availability_zones.available",
            "data.aws_region.current"
          ]
        },
        {
          "index_key": "public_subnet_3",
          "schema_version": 1,
          "attributes": {
            "arn": "arn:aws:ec2:us-east-1:557270420072:subnet/subnet-08cce7e5297ccf164",
            "assign_ipv6_address_on_creation": false,
            "availability_zone": "us-east-1c",
            "availability_zone_id": "use1-az4",
            "cidr_block": "10.0.103.0/24",
            "customer_owned_ipv4_pool": "",
            "enable_dns64": false,
            "enable_lni_at_device_index": 0,
            "enable_resource_name_dns_a_record_on_launch": false,
            "enable_resource_name_dns_aaaa_record_on_launch": false,
            "id": "subnet-08cce7e5297ccf164",
            "ipv6_cidr_block": "",
            "ipv6_cidr_block_association_id": "",
            "ipv6_native": false,
            "map_customer_owned_ip_on_launch": false,
            "map_public_ip_on_launch": true,
            "outpost_arn": "",
            "owner_id": "557270420072",
            "private_dns_hostname_type_on_launch": "ip-name",
            "tags": {
              "Name": "public_subnet_3",
              "Terraform": "true"
            },
            "tags_all": {
              "Environment": "my-aws-app",
              "Name": "public_subnet_3",
              "Terraform": "true"
            },
            "timeouts": null,
            "vpc_id": "vpc-05358688a91117278"
          },
          "sensitive_attributes": [],
          "identity_schema_version": 0,
          "private": "eyJlMmJmYjczMC1lY2FhLTExZTYtOGY4OC0zNDM2M2JjN2M0YzAiOnsiY3JlYXRlIjo2MDAwMDAwMDAwMDAsImRlbGV0ZSI6MTIwMDAwMDAwMDAwMH0sInNjaGVtYV92ZXJzaW9uIjoiMSJ9",
          "dependencies": [
            "aws_vpc.vpc",
            "data.aws_availability_zones.available",
            "data.aws_region.current"
          ]
        }
      ]
    },
    {
      "mode": "managed",
      "type": "aws_subnet",
      "name": "variables-subnet",
      "provider": "provider[\"registry.terraform.io/hashicorp/aws\"]",
      "instances": [
        {
          "schema_version": 1,
          "attributes": {
            "arn": "arn:aws:ec2:us-east-1:557270420072:subnet/subnet-0288bb04c211ba3fd",
            "assign_ipv6_address_on_creation": false,
            "availability_zone": "us-east-1a",
            "availability_zone_id": "use1-az1",
            "cidr_block": "10.0.250.0/24",
            "customer_owned_ipv4_pool": "",
            "enable_dns64": false,
            "enable_lni_at_device_index": 0,
            "enable_resource_name_dns_a_record_on_launch": false,
            "enable_resource_name_dns_aaaa_record_on_launch": false,
            "id": "subnet-0288bb04c211ba3fd",
            "ipv6_cidr_block": "",
            "ipv6_cidr_block_association_id": "",
            "ipv6_native": false,
            "map_customer_owned_ip_on_launch": false,
            "map_public_ip_on_launch": true,
            "outpost_arn": "",
            "owner_id": "557270420072",
            "private_dns_hostname_type_on_launch": "ip-name",
            "tags": {
              "Name": "sub-variables-us-east-1a",
              "Terraform": "true"
            },
            "tags_all": {
              "Environment": "my-aws-app",
              "Name": "sub-variables-us-east-1a",
              "Terraform": "true"
            },
            "timeouts": null,
            "vpc_id": "vpc-05358688a91117278"
          },
          "sensitive_attributes": [],
          "identity_schema_version": 0,
          "private": "eyJlMmJmYjczMC1lY2FhLTExZTYtOGY4OC0zNDM2M2JjN2M0YzAiOnsiY3JlYXRlIjo2MDAwMDAwMDAwMDAsImRlbGV0ZSI6MTIwMDAwMDAwMDAwMH0sInNjaGVtYV92ZXJzaW9uIjoiMSJ9",
          "dependencies": [
            "aws_vpc.vpc",
            "data.aws_region.current"
          ]
        }
      ]
    },
    {
      "mode": "managed",
      "type": "aws_vpc",
      "name": "vpc",
      "provider": "provider[\"registry.terraform.io/hashicorp/aws\"]",
      "instances": [
        {
          "schema_version": 1,
          "attributes": {
            "arn": "arn:aws:ec2:us-east-1:557270420072:vpc/vpc-05358688a91117278",
            "assign_generated_ipv6_cidr_block": false,
            "cidr_block": "10.0.0.0/16",
            "default_network_acl_id": "acl-069418f2d8c3d44f8",
            "default_route_table_id": "rtb-036654ccea8179e89",
            "default_security_group_id": "sg-0653970466679d26e",
            "dhcp_options_id": "dopt-006eaf5138242994f",
            "enable_dns_hostnames": false,
            "enable_dns_support": true,
            "enable_network_address_usage_metrics": false,
            "id": "vpc-05358688a91117278",
            "instance_tenancy": "default",
            "ipv4_ipam_pool_id": null,
            "ipv4_netmask_length": null,
            "ipv6_association_id": "",
            "ipv6_cidr_block": "",
            "ipv6_cidr_block_network_border_group": "",
            "ipv6_ipam_pool_id": "",
            "ipv6_netmask_length": 0,
            "main_route_table_id": "rtb-036654ccea8179e89",
            "owner_id": "557270420072",
            "tags": {
              "Environment": "demo_environment",
              "Name": "demo_vpc",
              "Region": "us-east-1",
              "Terraform": "true"
            },
            "tags_all": {
              "Environment": "demo_environment",
              "Name": "demo_vpc",
              "Region": "us-east-1",
              "Terraform": "true"
            }
          },
          "sensitive_attributes": [],
          "identity_schema_version": 0,
          "private": "eyJzY2hlbWFfdmVyc2lvbiI6IjEifQ==",
          "dependencies": [
            "data.aws_region.current"
          ],
          "create_before_destroy": true
        }
      ]
    },
    {
      "mode": "managed",
      "type": "local_file",
      "name": "private_key_pem",
      "provider": "provider[\"registry.terraform.io/hashicorp/local\"]",
      "instances": [
        {
          "schema_version": 0,
          "attributes": {
            "content": "-----BEGIN RSA PRIVATE KEY-----\nMIIEowIBAAKCAQEAoEIw2i+XAUqqKQnJc4K3aDimXSLJXbrErs/wzGL7tH+LrEg2\nUIH0jQjrjtBY8uzfIpmWKEqzIOFHZXbRGzyC/Ah8Jn4wK5M8iRfbCf+qKTLeZWSb\nMBSjfq1YK9ctOrv9JWug8deP6J4u8rRuhX4XQ6gTaELoI8LlsYVouEwwwQCChazU\nj1WJ+BmHCWllnzQzyJBNoRfd/W5pA5XcxUspcCILhrgxX0vrgZBT0IVlB0peGMOX\nMh1BgMZ4g3QW0drJvg/16qcgWrB6dSsUwvZWdbYs0J0DyvSVOh2Ltc5HtDbSSRpR\n06Wqecm47uppm3+w95RG6YJmfWzMZ0vRquCFAQIDAQABAoIBAAvzk8AZz3mlr1X7\nKF5ob7QikWmduAW48YUV9d/QO/RElM6G3iIX5vyDn0mZySBowOVMLfIYTA6WLmRn\nPYX598zC9ztJqt79DoUs1cWDnxWOeR53p8koqN7AH7S5SeK49VKOmcSfbliLP3YT\nNbDX6/U8OiJK5xQPq2CXUe14pSQnftX9BZVrEQjp8MtppmEkhV5qfN8g+LYMIHBT\nGKJLxV/5I9Is92CRmM3BpYMbuslhfkdIDzz5Ff8S4EX+GvnT3LCODxqnIVVsWhu3\nyZ9zIsjn5RVEOCePWG/cE/UCwAIdXtUhaT/2tpwx3kcGM1a7XItVEWQxuVlBgnAh\nFPsnET8CgYEA1DBxZ5oCMKbzE4u0jqEdDTlMaCHapxantOjrKTVK6FOnjd3o1tTq\nSsYmRxg2qKk4sGJrff9hwHBNdZUYJ2ITaWfeNd4SjRSIoIHOhyvkuJwXnTK1Dt2d\njRcoTtJmeZ/gkyG60dMy5A/gBmu/BPuCjxIscYIXK4PKEl2jvehb7CcCgYEAwVjh\nQJIWLFnfXNGepGffwn5oJ031ivfOxUK8CnbP2P8DySWCF7Qnkq0XYd/DGaXW0q1X\n8LU3bu7aNTH1vxhDRtvgojwTTknqzXRmxnXzuO12IBgxrwNq4ibBLuYKLWpZSZO7\nP0tuHAf+DD4OpPm6mOPUD+WlIfBzXcq5BA9oNpcCgYEAxFwwFhfHfw6AU84tQPCH\n2fz0YEkz9vxYJmqFdJUExQrlO7voBSbzyk6kjZYyvtIay9/IackzxMooZG+c8pUo\nMZsVX/QqZrRh22dEoIJWHyEUGT0boK4lZrPPcWHzwwnY4U+Ney9fIP4v6sE6/Hlj\n0NKYnlIs7u/+yBAvv0aQCnECgYAe6MOR3AjZbECuCQDQjZ6S7DxgVDE11yniFSoU\njivqJ9KGHI3wlidhZnR/fBMnjYCLS5TscTv8awjNSkBcHVfcAxilNu9rK5vy3nHz\ntjWRUbz5ooSG0wgKQWHOyo3D9uVxQsHDe56NsqVldaJHs3imKn3jULYWd+cpjlgH\nkyL43wKBgD8timUlMTIBP1rev719OFfpVmAkCMwz4v2qMb2PzKQvfco+dbQ85i1s\nxzEmBkvHymVtozING+KixKh2ASR4CKP+wKux5DxVv2MLfS+yeSHal0fj/StK+Ut2\n72PzN49VxDS/rM0yz3VQAnY0VN6+jazJpnwWOJ4HUevBWjZhvYQS\n-----END RSA PRIVATE KEY-----\n",
            "content_base64": null,
            "content_base64sha256": "w3WgOn+BRjGqsgZ2w2YRgW4aGuE9VYuUmefZZXL/DS0=",
            "content_base64sha512": "Pk1u4ofqVavsKVuyZruKnTtj4rpUbsN5LiQQrOlFqLa4TQRDXiU1wegXWyqP9PJ2issuaERmsFNH/1HKoxC5CA==",
            "content_md5": "6fde0e75fcadc81bc5f71c4e7bd9f217",
            "content_sha1": "e5e92e7aff78fa12e02c5bf8c55cc1926d98ffdd",
            "content_sha256": "c375a03a7f814631aab20676c36611816e1a1ae13d558b9499e7d96572ff0d2d",
            "content_sha512": "3e4d6ee287ea55abec295bb266bb8a9d3b63e2ba546ec3792e2410ace945a8b6b84d04435e2535c1e8175b2a8ff4f2768acb2e684466b05347ff51caa310b908",
            "directory_permission": "0777",
            "file_permission": "0777",
            "filename": "MyTerraformInstanceKey.pem",
            "id": "e5e92e7aff78fa12e02c5bf8c55cc1926d98ffdd",
            "sensitive_content": null,
            "source": null
          },
          "sensitive_attributes": [
            [
              {
                "type": "get_attr",
                "value": "content"
              }
            ],
            [
              {
                "type": "get_attr",
                "value": "sensitive_content"
              }
            ]
          ],
          "identity_schema_version": 0,
          "dependencies": [
            "tls_private_key.generated"
          ]
        }
      ]
    },
    {
      "mode": "managed",
      "type": "random_id",
      "name": "randomness",
      "provider": "provider[\"registry.terraform.io/hashicorp/random\"]",
      "instances": [
        {
          "schema_version": 0,
          "attributes": {
            "b64_std": "z44xehBI+d1+TqbftccuwQ==",
            "b64_url": "z44xehBI-d1-TqbftccuwQ",
            "byte_length": 16,
            "dec": "275888504790335919657679196392819994305",
            "hex": "cf8e317a1048f9dd7e4ea6dfb5c72ec1",
            "id": "z44xehBI-d1-TqbftccuwQ",
            "keepers": null,
            "prefix": null
          },
          "sensitive_attributes": [],
          "identity_schema_version": 0
        }
      ]
    },
    {
      "mode": "managed",
      "type": "tls_private_key",
      "name": "generated",
      "provider": "provider[\"registry.terraform.io/hashicorp/tls\"]",
      "instances": [
        {
          "schema_version": 1,
          "attributes": {
            "algorithm": "RSA",
            "ecdsa_curve": "P224",
            "id": "086c95ea7851690bbf2df127a7c0e187f78c1721",
            "private_key_openssh": "-----BEGIN OPENSSH PRIVATE KEY-----\nb3BlbnNzaC1rZXktdjEAAAAABG5vbmUAAAAEbm9uZQAAAAAAAAABAAABFwAAAAdz\nc2gtcnNhAAAAAwEAAQAAAQEAoEIw2i+XAUqqKQnJc4K3aDimXSLJXbrErs/wzGL7\ntH+LrEg2UIH0jQjrjtBY8uzfIpmWKEqzIOFHZXbRGzyC/Ah8Jn4wK5M8iRfbCf+q\nKTLeZWSbMBSjfq1YK9ctOrv9JWug8deP6J4u8rRuhX4XQ6gTaELoI8LlsYVouEww\nwQCChazUj1WJ+BmHCWllnzQzyJBNoRfd/W5pA5XcxUspcCILhrgxX0vrgZBT0IVl\nB0peGMOXMh1BgMZ4g3QW0drJvg/16qcgWrB6dSsUwvZWdbYs0J0DyvSVOh2Ltc5H\ntDbSSRpR06Wqecm47uppm3+w95RG6YJmfWzMZ0vRquCFAQAAA7i33Yy9t92MvQAA\nAAdzc2gtcnNhAAABAQCgQjDaL5cBSqopCclzgrdoOKZdIsldusSuz/DMYvu0f4us\nSDZQgfSNCOuO0Fjy7N8imZYoSrMg4UdldtEbPIL8CHwmfjArkzyJF9sJ/6opMt5l\nZJswFKN+rVgr1y06u/0la6Dx14/oni7ytG6FfhdDqBNoQugjwuWxhWi4TDDBAIKF\nrNSPVYn4GYcJaWWfNDPIkE2hF939bmkDldzFSylwIguGuDFfS+uBkFPQhWUHSl4Y\nw5cyHUGAxniDdBbR2sm+D/XqpyBasHp1KxTC9lZ1tizQnQPK9JU6HYu1zke0NtJJ\nGlHTpap5ybju6mmbf7D3lEbpgmZ9bMxnS9Gq4IUBAAAAAwEAAQAAAQAL85PAGc95\npa9V+yheaG+0IpFpnbgFuPGFFfXf0Dv0RJTOht4iF+b8g59JmckgaMDlTC3yGEwO\nli5kZz2F+ffMwvc7Sare/Q6FLNXFg58Vjnked6fJKKjewB+0uUniuPVSjpnEn25Y\niz92EzWw1+v1PDoiSucUD6tgl1HteKUkJ37V/QWVaxEI6fDLaaZhJIVeanzfIPi2\nDCBwUxiiS8Vf+SPSLPdgkZjNwaWDG7rJYX5HSA88+RX/EuBF/hr509ywjg8apyFV\nbFobt8mfcyLI5+UVRDgnj1hv3BP1AsACHV7VIWk/9racMd5HBjNWu1yLVRFkMblZ\nQYJwIRT7JxE/AAAAgD8timUlMTIBP1rev719OFfpVmAkCMwz4v2qMb2PzKQvfco+\ndbQ85i1sxzEmBkvHymVtozING+KixKh2ASR4CKP+wKux5DxVv2MLfS+yeSHal0fj\n/StK+Ut272PzN49VxDS/rM0yz3VQAnY0VN6+jazJpnwWOJ4HUevBWjZhvYQSAAAA\ngQDUMHFnmgIwpvMTi7SOoR0NOUxoIdqnFqe06OspNUroU6eN3ejW1OpKxiZHGDao\nqTiwYmt9/2HAcE11lRgnYhNpZ9413hKNFIiggc6HK+S4nBedMrUO3Z2NFyhO0mZ5\nn+CTIbrR0zLkD+AGa78E+4KPEixxghcrg8oSXaO96FvsJwAAAIEAwVjhQJIWLFnf\nXNGepGffwn5oJ031ivfOxUK8CnbP2P8DySWCF7Qnkq0XYd/DGaXW0q1X8LU3bu7a\nNTH1vxhDRtvgojwTTknqzXRmxnXzuO12IBgxrwNq4ibBLuYKLWpZSZO7P0tuHAf+\nDD4OpPm6mOPUD+WlIfBzXcq5BA9oNpcAAAAAAQID\n-----END OPENSSH PRIVATE KEY-----\n",
            "private_key_pem": "-----BEGIN RSA PRIVATE KEY-----\nMIIEowIBAAKCAQEAoEIw2i+XAUqqKQnJc4K3aDimXSLJXbrErs/wzGL7tH+LrEg2\nUIH0jQjrjtBY8uzfIpmWKEqzIOFHZXbRGzyC/Ah8Jn4wK5M8iRfbCf+qKTLeZWSb\nMBSjfq1YK9ctOrv9JWug8deP6J4u8rRuhX4XQ6gTaELoI8LlsYVouEwwwQCChazU\nj1WJ+BmHCWllnzQzyJBNoRfd/W5pA5XcxUspcCILhrgxX0vrgZBT0IVlB0peGMOX\nMh1BgMZ4g3QW0drJvg/16qcgWrB6dSsUwvZWdbYs0J0DyvSVOh2Ltc5HtDbSSRpR\n06Wqecm47uppm3+w95RG6YJmfWzMZ0vRquCFAQIDAQABAoIBAAvzk8AZz3mlr1X7\nKF5ob7QikWmduAW48YUV9d/QO/RElM6G3iIX5vyDn0mZySBowOVMLfIYTA6WLmRn\nPYX598zC9ztJqt79DoUs1cWDnxWOeR53p8koqN7AH7S5SeK49VKOmcSfbliLP3YT\nNbDX6/U8OiJK5xQPq2CXUe14pSQnftX9BZVrEQjp8MtppmEkhV5qfN8g+LYMIHBT\nGKJLxV/5I9Is92CRmM3BpYMbuslhfkdIDzz5Ff8S4EX+GvnT3LCODxqnIVVsWhu3\nyZ9zIsjn5RVEOCePWG/cE/UCwAIdXtUhaT/2tpwx3kcGM1a7XItVEWQxuVlBgnAh\nFPsnET8CgYEA1DBxZ5oCMKbzE4u0jqEdDTlMaCHapxantOjrKTVK6FOnjd3o1tTq\nSsYmRxg2qKk4sGJrff9hwHBNdZUYJ2ITaWfeNd4SjRSIoIHOhyvkuJwXnTK1Dt2d\njRcoTtJmeZ/gkyG60dMy5A/gBmu/BPuCjxIscYIXK4PKEl2jvehb7CcCgYEAwVjh\nQJIWLFnfXNGepGffwn5oJ031ivfOxUK8CnbP2P8DySWCF7Qnkq0XYd/DGaXW0q1X\n8LU3bu7aNTH1vxhDRtvgojwTTknqzXRmxnXzuO12IBgxrwNq4ibBLuYKLWpZSZO7\nP0tuHAf+DD4OpPm6mOPUD+WlIfBzXcq5BA9oNpcCgYEAxFwwFhfHfw6AU84tQPCH\n2fz0YEkz9vxYJmqFdJUExQrlO7voBSbzyk6kjZYyvtIay9/IackzxMooZG+c8pUo\nMZsVX/QqZrRh22dEoIJWHyEUGT0boK4lZrPPcWHzwwnY4U+Ney9fIP4v6sE6/Hlj\n0NKYnlIs7u/+yBAvv0aQCnECgYAe6MOR3AjZbECuCQDQjZ6S7DxgVDE11yniFSoU\njivqJ9KGHI3wlidhZnR/fBMnjYCLS5TscTv8awjNSkBcHVfcAxilNu9rK5vy3nHz\ntjWRUbz5ooSG0wgKQWHOyo3D9uVxQsHDe56NsqVldaJHs3imKn3jULYWd+cpjlgH\nkyL43wKBgD8timUlMTIBP1rev719OFfpVmAkCMwz4v2qMb2PzKQvfco+dbQ85i1s\nxzEmBkvHymVtozING+KixKh2ASR4CKP+wKux5DxVv2MLfS+yeSHal0fj/StK+Ut2\n72PzN49VxDS/rM0yz3VQAnY0VN6+jazJpnwWOJ4HUevBWjZhvYQS\n-----END RSA PRIVATE KEY-----\n",
            "private_key_pem_pkcs8": "-----BEGIN PRIVATE KEY-----\nMIIEvQIBADANBgkqhkiG9w0BAQEFAASCBKcwggSjAgEAAoIBAQCgQjDaL5cBSqop\nCclzgrdoOKZdIsldusSuz/DMYvu0f4usSDZQgfSNCOuO0Fjy7N8imZYoSrMg4Udl\ndtEbPIL8CHwmfjArkzyJF9sJ/6opMt5lZJswFKN+rVgr1y06u/0la6Dx14/oni7y\ntG6FfhdDqBNoQugjwuWxhWi4TDDBAIKFrNSPVYn4GYcJaWWfNDPIkE2hF939bmkD\nldzFSylwIguGuDFfS+uBkFPQhWUHSl4Yw5cyHUGAxniDdBbR2sm+D/XqpyBasHp1\nKxTC9lZ1tizQnQPK9JU6HYu1zke0NtJJGlHTpap5ybju6mmbf7D3lEbpgmZ9bMxn\nS9Gq4IUBAgMBAAECggEAC/OTwBnPeaWvVfsoXmhvtCKRaZ24BbjxhRX139A79ESU\nzobeIhfm/IOfSZnJIGjA5Uwt8hhMDpYuZGc9hfn3zML3O0mq3v0OhSzVxYOfFY55\nHnenySio3sAftLlJ4rj1Uo6ZxJ9uWIs/dhM1sNfr9Tw6IkrnFA+rYJdR7XilJCd+\n1f0FlWsRCOnwy2mmYSSFXmp83yD4tgwgcFMYokvFX/kj0iz3YJGYzcGlgxu6yWF+\nR0gPPPkV/xLgRf4a+dPcsI4PGqchVWxaG7fJn3MiyOflFUQ4J49Yb9wT9QLAAh1e\n1SFpP/a2nDHeRwYzVrtci1URZDG5WUGCcCEU+ycRPwKBgQDUMHFnmgIwpvMTi7SO\noR0NOUxoIdqnFqe06OspNUroU6eN3ejW1OpKxiZHGDaoqTiwYmt9/2HAcE11lRgn\nYhNpZ9413hKNFIiggc6HK+S4nBedMrUO3Z2NFyhO0mZ5n+CTIbrR0zLkD+AGa78E\n+4KPEixxghcrg8oSXaO96FvsJwKBgQDBWOFAkhYsWd9c0Z6kZ9/CfmgnTfWK987F\nQrwKds/Y/wPJJYIXtCeSrRdh38MZpdbSrVfwtTdu7to1MfW/GENG2+CiPBNOSerN\ndGbGdfO47XYgGDGvA2riJsEu5gotallJk7s/S24cB/4MPg6k+bqY49QP5aUh8HNd\nyrkED2g2lwKBgQDEXDAWF8d/DoBTzi1A8IfZ/PRgSTP2/FgmaoV0lQTFCuU7u+gF\nJvPKTqSNljK+0hrL38hpyTPEyihkb5zylSgxmxVf9CpmtGHbZ0SgglYfIRQZPRug\nriVms89xYfPDCdjhT417L18g/i/qwTr8eWPQ0pieUizu7/7IEC+/RpAKcQKBgB7o\nw5HcCNlsQK4JANCNnpLsPGBUMTXXKeIVKhSOK+on0oYcjfCWJ2FmdH98EyeNgItL\nlOxxO/xrCM1KQFwdV9wDGKU272srm/LecfO2NZFRvPmihIbTCApBYc7KjcP25XFC\nwcN7no2ypWV1okezeKYqfeNQthZ35ymOWAeTIvjfAoGAPy2KZSUxMgE/Wt6/vX04\nV+lWYCQIzDPi/aoxvY/MpC99yj51tDzmLWzHMSYGS8fKZW2jMg0b4qLEqHYBJHgI\no/7Aq7HkPFW/Ywt9L7J5IdqXR+P9K0r5S3bvY/M3j1XENL+szTLPdVACdjRU3r6N\nrMmmfBY4ngdR68FaNmG9hBI=\n-----END PRIVATE KEY-----\n",
            "public_key_fingerprint_md5": "5d:ff:fc:c6:3b:e8:84:b3:6c:35:5d:82:45:a5:b4:41",
            "public_key_fingerprint_sha256": "SHA256:8SRfD6nA/HOpw7gRszaUyTevZJyDzsKHHBdhJq4Ck1U",
            "public_key_openssh": "ssh-rsa AAAAB3NzaC1yc2EAAAADAQABAAABAQCgQjDaL5cBSqopCclzgrdoOKZdIsldusSuz/DMYvu0f4usSDZQgfSNCOuO0Fjy7N8imZYoSrMg4UdldtEbPIL8CHwmfjArkzyJF9sJ/6opMt5lZJswFKN+rVgr1y06u/0la6Dx14/oni7ytG6FfhdDqBNoQugjwuWxhWi4TDDBAIKFrNSPVYn4GYcJaWWfNDPIkE2hF939bmkDldzFSylwIguGuDFfS+uBkFPQhWUHSl4Yw5cyHUGAxniDdBbR2sm+D/XqpyBasHp1KxTC9lZ1tizQnQPK9JU6HYu1zke0NtJJGlHTpap5ybju6mmbf7D3lEbpgmZ9bMxnS9Gq4IUB\n",
            "public_key_pem": "-----BEGIN PUBLIC KEY-----\nMIIBIjANBgkqhkiG9w0BAQEFAAOCAQ8AMIIBCgKCAQEAoEIw2i+XAUqqKQnJc4K3\naDimXSLJXbrErs/wzGL7tH+LrEg2UIH0jQjrjtBY8uzfIpmWKEqzIOFHZXbRGzyC\n/Ah8Jn4wK5M8iRfbCf+qKTLeZWSbMBSjfq1YK9ctOrv9JWug8deP6J4u8rRuhX4X\nQ6gTaELoI8LlsYVouEwwwQCChazUj1WJ+BmHCWllnzQzyJBNoRfd/W5pA5XcxUsp\ncCILhrgxX0vrgZBT0IVlB0peGMOXMh1BgMZ4g3QW0drJvg/16qcgWrB6dSsUwvZW\ndbYs0J0DyvSVOh2Ltc5HtDbSSRpR06Wqecm47uppm3+w95RG6YJmfWzMZ0vRquCF\nAQIDAQAB\n-----END PUBLIC KEY-----\n",
            "rsa_bits": 2048
          },
          "sensitive_attributes": [
            [
              {
                "type": "get_attr",
                "value": "private_key_openssh"
              }
            ],
            [
              {
                "type": "get_attr",
                "value": "private_key_pem"
              }
            ],
            [
              {
                "type": "get_attr",
                "value": "private_key_pem_pkcs8"
              }
            ]
          ],
          "identity_schema_version": 0
        }
      ]
    },
    {
      "module": "module.autoscaling",
      "mode": "data",
      "type": "aws_partition",
      "name": "current",
      "provider": "provider[\"registry.terraform.io/hashicorp/aws\"]",
      "instances": [
        {
          "schema_version": 0,
          "attributes": {
            "dns_suffix": "amazonaws.com",
            "id": "aws",
            "partition": "aws",
            "reverse_dns_prefix": "com.amazonaws"
          },
          "sensitive_attributes": [],
          "identity_schema_version": 0
        }
      ]
    },
    {
      "module": "module.autoscaling",
      "mode": "managed",
      "type": "aws_autoscaling_group",
      "name": "this",
      "provider": "provider[\"registry.terraform.io/hashicorp/aws\"]",
      "instances": [
        {
          "index_key": 0,
          "schema_version": 1,
          "attributes": {
            "arn": "arn:aws:autoscaling:us-east-1:557270420072:autoScalingGroup:eb4964ff-2098-441c-bb3d-9e31d36667c5:autoScalingGroupName/myasg_local-20260202153937353600000007",
            "availability_zone_distribution": [
              {
                "capacity_distribution_strategy": "balanced-best-effort"
              }
            ],
            "availability_zones": [
              "us-east-1a",
              "us-east-1b",
              "us-east-1c"
            ],
            "capacity_rebalance": false,
            "capacity_reservation_specification": [
              {
                "capacity_reservation_preference": "default",
                "capacity_reservation_target": []
              }
            ],
            "context": "",
            "default_cooldown": 300,
            "default_instance_warmup": 0,
            "desired_capacity": 1,
            "desired_capacity_type": "",
            "enabled_metrics": null,
            "force_delete": false,
            "force_delete_warm_pool": false,
            "health_check_grace_period": 300,
            "health_check_type": "EC2",
            "id": "myasg_local-20260202153937353600000007",
            "ignore_failed_scaling_activities": false,
            "initial_lifecycle_hook": [],
            "instance_maintenance_policy": [],
            "instance_refresh": [],
            "launch_configuration": "",
            "launch_template": [
              {
                "id": "lt-0606a8eb20fd7dcce",
                "name": "myasg_local-20260202153931831400000002",
                "version": "1"
              }
            ],
            "load_balancers": [],
            "max_instance_lifetime": 0,
            "max_size": 1,
            "metrics_granularity": "1Minute",
            "min_elb_capacity": null,
            "min_size": 0,
            "mixed_instances_policy": [],
            "name": "myasg_local-20260202153937353600000007",
            "name_prefix": "myasg_local-",
            "placement_group": "",
            "predicted_capacity": 0,
            "protect_from_scale_in": false,
            "service_linked_role_arn": "arn:aws:iam::557270420072:role/aws-service-role/autoscaling.amazonaws.com/AWSServiceRoleForAutoScaling",
            "suspended_processes": null,
            "tag": [
              {
                "key": "Name",
                "propagate_at_launch": true,
                "value": "asg-instance_local"
              }
            ],
            "target_group_arns": [],
            "termination_policies": [],
            "timeouts": {
              "delete": null,
              "update": null
            },
            "traffic_source": [],
            "vpc_zone_identifier": [
              "subnet-0619f75a1d1094386",
              "subnet-0ad8f61af841caafd",
              "subnet-0bc6f4f7cc61703e8"
            ],
            "wait_for_capacity_timeout": "10m",
            "wait_for_elb_capacity": null,
            "warm_pool": [],
            "warm_pool_size": 0
          },
          "sensitive_attributes": [],
          "identity_schema_version": 0,
          "private": "eyJlMmJmYjczMC1lY2FhLTExZTYtOGY4OC0zNDM2M2JjN2M0YzAiOnsiZGVsZXRlIjo2MDAwMDAwMDAwMDAsInVwZGF0ZSI6NjAwMDAwMDAwMDAwfSwic2NoZW1hX3ZlcnNpb24iOiIxIn0=",
          "dependencies": [
            "aws_subnet.private_subnets",
            "aws_vpc.vpc",
            "data.aws_ami.ubuntu_20_04",
            "data.aws_availability_zones.available",
            "data.aws_region.current",
            "module.autoscaling.aws_iam_instance_profile.this",
            "module.autoscaling.aws_iam_role.this",
            "module.autoscaling.aws_launch_template.this",
            "module.autoscaling.data.aws_iam_policy_document.assume_role_policy",
            "module.autoscaling.data.aws_partition.current"
          ],
          "create_before_destroy": true
        }
      ]
    },
    {
      "module": "module.autoscaling",
      "mode": "managed",
      "type": "aws_launch_template",
      "name": "this",
      "provider": "provider[\"registry.terraform.io/hashicorp/aws\"]",
      "instances": [
        {
          "index_key": 0,
          "schema_version": 0,
          "attributes": {
            "arn": "arn:aws:ec2:us-east-1:557270420072:launch-template/lt-0606a8eb20fd7dcce",
            "block_device_mappings": [],
            "capacity_reservation_specification": [],
            "cpu_options": [],
            "credit_specification": [],
            "default_version": 1,
            "description": "",
            "disable_api_stop": false,
            "disable_api_termination": false,
            "ebs_optimized": "",
            "elastic_gpu_specifications": [],
            "elastic_inference_accelerator": [],
            "enclave_options": [],
            "hibernation_options": [],
            "iam_instance_profile": [],
            "id": "lt-0606a8eb20fd7dcce",
            "image_id": "ami-0fb0b230890ccd1e6",
            "instance_initiated_shutdown_behavior": "",
            "instance_market_options": [],
            "instance_requirements": [],
            "instance_type": "t2.micro",
            "kernel_id": "",
            "key_name": "",
            "latest_version": 1,
            "license_specification": [],
            "maintenance_options": [],
            "metadata_options": [],
            "monitoring": [
              {
                "enabled": true
              }
            ],
            "name": "myasg_local-20260202153931831400000002",
            "name_prefix": "myasg_local-",
            "network_interfaces": [],
            "placement": [],
            "private_dns_name_options": [],
            "ram_disk_id": "",
            "security_group_names": null,
            "tag_specifications": [],
            "tags": {
              "Name": "Web EC2 Server local"
            },
            "tags_all": {
              "Environment": "my-aws-app",
              "Name": "Web EC2 Server local"
            },
            "update_default_version": null,
            "user_data": "",
            "vpc_security_group_ids": null
          },
          "sensitive_attributes": [],
          "identity_schema_version": 0,
          "private": "bnVsbA==",
          "dependencies": [
            "data.aws_ami.ubuntu_20_04",
            "module.autoscaling.aws_iam_instance_profile.this",
            "module.autoscaling.aws_iam_role.this",
            "module.autoscaling.data.aws_iam_policy_document.assume_role_policy",
            "module.autoscaling.data.aws_partition.current"
          ],
          "create_before_destroy": true
        }
      ]
    },
    {
      "module": "module.autoscaling_github",
      "mode": "data",
      "type": "aws_iam_policy_document",
      "name": "assume_role_policy",
      "provider": "provider[\"registry.terraform.io/hashicorp/aws\"]",
      "instances": [
        {
          "index_key": 0,
          "schema_version": 0,
          "attributes": {
            "id": "1256122602",
            "json": "{\n  \"Version\": \"2012-10-17\",\n  \"Statement\": [\n    {\n      \"Sid\": \"EC2AssumeRole\",\n      \"Effect\": \"Allow\",\n      \"Action\": \"sts:AssumeRole\",\n      \"Principal\": {\n        \"Service\": \"ec2.amazonaws.com\"\n      }\n    }\n  ]\n}",
            "minified_json": "{\"Version\":\"2012-10-17\",\"Statement\":[{\"Sid\":\"EC2AssumeRole\",\"Effect\":\"Allow\",\"Action\":\"sts:AssumeRole\",\"Principal\":{\"Service\":\"ec2.amazonaws.com\"}}]}",
            "override_json": null,
            "override_policy_documents": null,
            "policy_id": null,
            "source_json": null,
            "source_policy_documents": null,
            "statement": [
              {
                "actions": [
                  "sts:AssumeRole"
                ],
                "condition": [],
                "effect": "Allow",
                "not_actions": [],
                "not_principals": [],
                "not_resources": [],
                "principals": [
                  {
                    "identifiers": [
                      "ec2.amazonaws.com"
                    ],
                    "type": "Service"
                  }
                ],
                "resources": [],
                "sid": "EC2AssumeRole"
              }
            ],
            "version": "2012-10-17"
          },
          "sensitive_attributes": [],
          "identity_schema_version": 0
        }
      ]
    },
    {
      "module": "module.autoscaling_github",
      "mode": "data",
      "type": "aws_partition",
      "name": "current",
      "provider": "provider[\"registry.terraform.io/hashicorp/aws\"]",
      "instances": [
        {
          "schema_version": 0,
          "attributes": {
            "dns_suffix": "amazonaws.com",
            "id": "aws",
            "partition": "aws",
            "reverse_dns_prefix": "com.amazonaws"
          },
          "sensitive_attributes": [],
          "identity_schema_version": 0
        }
      ]
    },
    {
      "module": "module.autoscaling_github",
      "mode": "managed",
      "type": "aws_autoscaling_group",
      "name": "this",
      "provider": "provider[\"registry.terraform.io/hashicorp/aws\"]",
      "instances": [
        {
          "index_key": 0,
          "schema_version": 1,
          "attributes": {
            "arn": "arn:aws:autoscaling:us-east-1:557270420072:autoScalingGroup:61a2adbc-09fb-4723-a820-9b09e9866361:autoScalingGroupName/myasg_github-2026020215394317070000000a",
            "availability_zone_distribution": [
              {
                "capacity_distribution_strategy": "balanced-best-effort"
              }
            ],
            "availability_zones": [
              "us-east-1a",
              "us-east-1b",
              "us-east-1c"
            ],
            "capacity_rebalance": false,
            "capacity_reservation_specification": [
              {
                "capacity_reservation_preference": "default",
                "capacity_reservation_target": []
              }
            ],
            "context": "",
            "default_cooldown": 300,
            "default_instance_warmup": 0,
            "desired_capacity": 1,
            "desired_capacity_type": "",
            "enabled_metrics": null,
            "force_delete": false,
            "force_delete_warm_pool": false,
            "health_check_grace_period": 300,
            "health_check_type": "EC2",
            "id": "myasg_github-2026020215394317070000000a",
            "ignore_failed_scaling_activities": false,
            "initial_lifecycle_hook": [],
            "instance_maintenance_policy": [],
            "instance_refresh": [],
            "launch_configuration": "",
            "launch_template": [
              {
                "id": "lt-005c3fb5ea1fd3626",
                "name": "asg-instance_github-20260202153937676000000008",
                "version": "1"
              }
            ],
            "load_balancers": [],
            "max_instance_lifetime": 0,
            "max_size": 1,
            "metrics_granularity": "1Minute",
            "min_elb_capacity": null,
            "min_size": 0,
            "mixed_instances_policy": [],
            "name": "myasg_github-2026020215394317070000000a",
            "name_prefix": "myasg_github-",
            "placement_group": "",
            "predicted_capacity": 0,
            "protect_from_scale_in": false,
            "service_linked_role_arn": "arn:aws:iam::557270420072:role/aws-service-role/autoscaling.amazonaws.com/AWSServiceRoleForAutoScaling",
            "suspended_processes": null,
            "tag": [
              {
                "key": "Name",
                "propagate_at_launch": true,
                "value": "asg-instance_github"
              }
            ],
            "target_group_arns": [],
            "termination_policies": [],
            "timeouts": {
              "delete": null,
              "update": null
            },
            "traffic_source": [],
            "vpc_zone_identifier": [
              "subnet-0619f75a1d1094386",
              "subnet-0ad8f61af841caafd",
              "subnet-0bc6f4f7cc61703e8"
            ],
            "wait_for_capacity_timeout": "10m",
            "wait_for_elb_capacity": null,
            "warm_pool": [],
            "warm_pool_size": 0
          },
          "sensitive_attributes": [],
          "identity_schema_version": 0,
          "private": "eyJlMmJmYjczMC1lY2FhLTExZTYtOGY4OC0zNDM2M2JjN2M0YzAiOnsiZGVsZXRlIjo2MDAwMDAwMDAwMDAsInVwZGF0ZSI6NjAwMDAwMDAwMDAwfSwic2NoZW1hX3ZlcnNpb24iOiIxIn0=",
          "dependencies": [
            "aws_subnet.private_subnets",
            "aws_vpc.vpc",
            "data.aws_ami.ubuntu_20_04",
            "data.aws_availability_zones.available",
            "data.aws_region.current",
            "module.autoscaling_github.aws_iam_instance_profile.this",
            "module.autoscaling_github.aws_iam_role.this",
            "module.autoscaling_github.aws_launch_template.this",
            "module.autoscaling_github.data.aws_iam_policy_document.assume_role_policy",
            "module.autoscaling_github.data.aws_partition.current"
          ],
          "create_before_destroy": true
        }
      ]
    },
    {
      "module": "module.autoscaling_github",
      "mode": "managed",
      "type": "aws_iam_instance_profile",
      "name": "this",
      "provider": "provider[\"registry.terraform.io/hashicorp/aws\"]",
      "instances": [
        {
          "index_key": 0,
          "schema_version": 0,
          "attributes": {
            "arn": "arn:aws:iam::557270420072:instance-profile/asg-github-ec2-role-20260202153932092200000004",
            "create_date": "2026-02-02T15:39:32Z",
            "id": "asg-github-ec2-role-20260202153932092200000004",
            "name": "asg-github-ec2-role-20260202153932092200000004",
            "name_prefix": "asg-github-ec2-role-",
            "path": "/",
            "role": "asg-github-ec2-role-20260202153931820300000001",
            "tags": {
              "Name": "Web EC2 Server github"
            },
            "tags_all": {
              "Environment": "my-aws-app",
              "Name": "Web EC2 Server github"
            },
            "unique_id": "AIPAYDP7HZJUNJLXE27RA"
          },
          "sensitive_attributes": [],
          "identity_schema_version": 0,
          "private": "bnVsbA==",
          "dependencies": [
            "module.autoscaling_github.aws_iam_role.this",
            "module.autoscaling_github.data.aws_iam_policy_document.assume_role_policy",
            "module.autoscaling_github.data.aws_partition.current"
          ],
          "create_before_destroy": true
        }
      ]
    },
    {
      "module": "module.autoscaling_github",
      "mode": "managed",
      "type": "aws_iam_role",
      "name": "this",
      "provider": "provider[\"registry.terraform.io/hashicorp/aws\"]",
      "instances": [
        {
          "index_key": 0,
          "schema_version": 0,
          "attributes": {
            "arn": "arn:aws:iam::557270420072:role/asg-github-ec2-role-20260202153931820300000001",
            "assume_role_policy": "{\"Statement\":[{\"Action\":\"sts:AssumeRole\",\"Effect\":\"Allow\",\"Principal\":{\"Service\":\"ec2.amazonaws.com\"},\"Sid\":\"EC2AssumeRole\"}],\"Version\":\"2012-10-17\"}",
            "create_date": "2026-02-02T15:39:31Z",
            "description": "",
            "force_detach_policies": true,
            "id": "asg-github-ec2-role-20260202153931820300000001",
            "inline_policy": [],
            "managed_policy_arns": [],
            "max_session_duration": 3600,
            "name": "asg-github-ec2-role-20260202153931820300000001",
            "name_prefix": "asg-github-ec2-role-",
            "path": "/",
            "permissions_boundary": "",
            "tags": {
              "Name": "Web EC2 Server github"
            },
            "tags_all": {
              "Environment": "my-aws-app",
              "Name": "Web EC2 Server github"
            },
            "unique_id": "AROAYDP7HZJUCBML2UUCB"
          },
          "sensitive_attributes": [],
          "identity_schema_version": 0,
          "private": "bnVsbA==",
          "dependencies": [
            "module.autoscaling_github.data.aws_iam_policy_document.assume_role_policy",
            "module.autoscaling_github.data.aws_partition.current"
          ],
          "create_before_destroy": true
        }
      ]
    },
    {
      "module": "module.autoscaling_github",
      "mode": "managed",
      "type": "aws_iam_role_policy_attachment",
      "name": "this",
      "provider": "provider[\"registry.terraform.io/hashicorp/aws\"]",
      "instances": [
        {
          "index_key": "AmazonSSMManagedInstanceCore",
          "schema_version": 0,
          "attributes": {
            "id": "asg-github-ec2-role-20260202153931820300000001-20260202153932181100000005",
            "policy_arn": "arn:aws:iam::aws:policy/AmazonSSMManagedInstanceCore",
            "role": "asg-github-ec2-role-20260202153931820300000001"
          },
          "sensitive_attributes": [],
          "identity_schema_version": 0,
          "private": "bnVsbA==",
          "dependencies": [
            "module.autoscaling_github.aws_iam_role.this",
            "module.autoscaling_github.data.aws_iam_policy_document.assume_role_policy",
            "module.autoscaling_github.data.aws_partition.current"
          ]
        }
      ]
    },
    {
      "module": "module.autoscaling_github",
      "mode": "managed",
      "type": "aws_launch_template",
      "name": "this",
      "provider": "provider[\"registry.terraform.io/hashicorp/aws\"]",
      "instances": [
        {
          "index_key": 0,
          "schema_version": 0,
          "attributes": {
            "arn": "arn:aws:ec2:us-east-1:557270420072:launch-template/lt-005c3fb5ea1fd3626",
            "block_device_mappings": [],
            "capacity_reservation_specification": [],
            "cpu_options": [],
            "credit_specification": [],
            "default_version": 1,
            "description": "",
            "disable_api_stop": false,
            "disable_api_termination": false,
            "ebs_optimized": "",
            "elastic_gpu_specifications": [],
            "elastic_inference_accelerator": [],
            "enclave_options": [],
            "hibernation_options": [],
            "iam_instance_profile": [
              {
                "arn": "arn:aws:iam::557270420072:instance-profile/asg-github-ec2-role-20260202153932092200000004",
                "name": ""
              }
            ],
            "id": "lt-005c3fb5ea1fd3626",
            "image_id": "ami-0fb0b230890ccd1e6",
            "instance_initiated_shutdown_behavior": "",
            "instance_market_options": [],
            "instance_requirements": [],
            "instance_type": "t2.micro",
            "kernel_id": "",
            "key_name": "",
            "latest_version": 1,
            "license_specification": [],
            "maintenance_options": [],
            "metadata_options": [],
            "monitoring": [
              {
                "enabled": true
              }
            ],
            "name": "asg-instance_github-20260202153937676000000008",
            "name_prefix": "asg-instance_github-",
            "network_interfaces": [],
            "placement": [],
            "private_dns_name_options": [],
            "ram_disk_id": "",
            "security_group_names": null,
            "tag_specifications": [],
            "tags": {
              "Name": "Web EC2 Server github"
            },
            "tags_all": {
              "Environment": "my-aws-app",
              "Name": "Web EC2 Server github"
            },
            "update_default_version": null,
            "user_data": "",
            "vpc_security_group_ids": null
          },
          "sensitive_attributes": [],
          "identity_schema_version": 0,
          "private": "bnVsbA==",
          "dependencies": [
            "data.aws_ami.ubuntu_20_04",
            "module.autoscaling_github.aws_iam_instance_profile.this",
            "module.autoscaling_github.aws_iam_role.this",
            "module.autoscaling_github.data.aws_iam_policy_document.assume_role_policy",
            "module.autoscaling_github.data.aws_partition.current"
          ],
          "create_before_destroy": true
        }
      ]
    },
    {
      "module": "module.server",
      "mode": "managed",
      "type": "aws_instance",
      "name": "Tf_server_web",
      "provider": "provider[\"registry.terraform.io/hashicorp/aws\"]",
      "instances": [
        {
          "schema_version": 1,
          "attributes": {
            "ami": "ami-0fb0b230890ccd1e6",
            "arn": "arn:aws:ec2:us-east-1:557270420072:instance/i-07084710f36a0434b",
            "associate_public_ip_address": true,
            "availability_zone": "us-east-1c",
            "capacity_reservation_specification": [
              {
                "capacity_reservation_preference": "open",
                "capacity_reservation_target": []
              }
            ],
            "cpu_core_count": 1,
            "cpu_options": [
              {
                "amd_sev_snp": "",
                "core_count": 1,
                "threads_per_core": 1
              }
            ],
            "cpu_threads_per_core": 1,
            "credit_specification": [
              {
                "cpu_credits": "standard"
              }
            ],
            "disable_api_stop": false,
            "disable_api_termination": false,
            "ebs_block_device": [],
            "ebs_optimized": false,
            "enable_primary_ipv6": null,
            "enclave_options": [
              {
                "enabled": false
              }
            ],
            "ephemeral_block_device": [],
            "get_password_data": false,
            "hibernation": false,
            "host_id": "",
            "host_resource_group_arn": null,
            "iam_instance_profile": "",
            "id": "i-07084710f36a0434b",
            "instance_initiated_shutdown_behavior": "stop",
            "instance_lifecycle": "",
            "instance_market_options": [],
            "instance_state": "running",
            "instance_type": "t2.micro",
            "ipv6_address_count": 0,
            "ipv6_addresses": [],
            "key_name": "",
            "launch_template": [],
            "maintenance_options": [
              {
                "auto_recovery": "default"
              }
            ],
            "metadata_options": [
              {
                "http_endpoint": "enabled",
                "http_protocol_ipv6": "disabled",
                "http_put_response_hop_limit": 1,
                "http_tokens": "optional",
                "instance_metadata_tags": "disabled"
              }
            ],
            "monitoring": false,
            "network_interface": [],
            "outpost_arn": "",
            "password_data": "",
            "placement_group": "",
            "placement_partition_number": 0,
            "primary_network_interface_id": "eni-0e3023f50a34a5add",
            "private_dns": "ip-10-0-103-253.ec2.internal",
            "private_dns_name_options": [
              {
                "enable_resource_name_dns_a_record": false,
                "enable_resource_name_dns_aaaa_record": false,
                "hostname_type": "ip-name"
              }
            ],
            "private_ip": "10.0.103.253",
            "public_dns": "",
            "public_ip": "18.208.141.248",
            "root_block_device": [
              {
                "delete_on_termination": true,
                "device_name": "/dev/sda1",
                "encrypted": false,
                "iops": 100,
                "kms_key_id": "",
                "tags": {
                  "Environment": "my-aws-app"
                },
                "tags_all": {
                  "Environment": "my-aws-app"
                },
                "throughput": 0,
                "volume_id": "vol-090dc0647d6d7785e",
                "volume_size": 8,
                "volume_type": "gp2"
              }
            ],
            "secondary_private_ips": [],
            "security_groups": [],
            "source_dest_check": true,
            "spot_instance_request_id": "",
            "subnet_id": "subnet-08cce7e5297ccf164",
            "tags": {
              "Environment": "Training",
              "Name": "Server from Module"
            },
            "tags_all": {
              "Environment": "Training",
              "Name": "Server from Module"
            },
            "tenancy": "default",
            "timeouts": null,
            "user_data": null,
            "user_data_base64": null,
            "user_data_replace_on_change": false,
            "volume_tags": null,
            "vpc_security_group_ids": [
              "sg-0245ad729373cff86",
              "sg-034615eed8d83ff66",
              "sg-0ff48061c5fa7557d"
            ]
          },
          "sensitive_attributes": [],
          "identity_schema_version": 0,
          "private": "eyJlMmJmYjczMC1lY2FhLTExZTYtOGY4OC0zNDM2M2JjN2M0YzAiOnsiY3JlYXRlIjo2MDAwMDAwMDAwMDAsImRlbGV0ZSI6MTIwMDAwMDAwMDAwMCwicmVhZCI6OTAwMDAwMDAwMDAwLCJ1cGRhdGUiOjYwMDAwMDAwMDAwMH0sInNjaGVtYV92ZXJzaW9uIjoiMSJ9",
          "dependencies": [
            "aws_security_group.ingress-ssh",
            "aws_security_group.vpc-ping",
            "aws_security_group.vpc-web",
            "aws_subnet.public_subnets",
            "aws_vpc.vpc",
            "data.aws_ami.ubuntu_20_04",
            "data.aws_availability_zones.available",
            "data.aws_region.current"
          ]
        }
      ]
    },
    {
      "module": "module.server_subnet_1",
      "mode": "managed",
      "type": "aws_instance",
      "name": "web",
      "provider": "provider[\"registry.terraform.io/hashicorp/aws\"]",
      "instances": [
        {
          "schema_version": 1,
          "attributes": {
            "ami": "ami-0fb0b230890ccd1e6",
            "arn": "arn:aws:ec2:us-east-1:557270420072:instance/i-0182a8c0a0b7ef232",
            "associate_public_ip_address": true,
            "availability_zone": "us-east-1a",
            "capacity_reservation_specification": [
              {
                "capacity_reservation_preference": "open",
                "capacity_reservation_target": []
              }
            ],
            "cpu_core_count": 1,
            "cpu_options": [
              {
                "amd_sev_snp": "",
                "core_count": 1,
                "threads_per_core": 1
              }
            ],
            "cpu_threads_per_core": 1,
            "credit_specification": [
              {
                "cpu_credits": "standard"
              }
            ],
            "disable_api_stop": false,
            "disable_api_termination": false,
            "ebs_block_device": [],
            "ebs_optimized": false,
            "enable_primary_ipv6": null,
            "enclave_options": [
              {
                "enabled": false
              }
            ],
            "ephemeral_block_device": [],
            "get_password_data": false,
            "hibernation": false,
            "host_id": "",
            "host_resource_group_arn": null,
            "iam_instance_profile": "",
            "id": "i-0182a8c0a0b7ef232",
            "instance_initiated_shutdown_behavior": "stop",
            "instance_lifecycle": "",
            "instance_market_options": [],
            "instance_state": "running",
            "instance_type": "t2.micro",
            "ipv6_address_count": 0,
            "ipv6_addresses": [],
            "key_name": "MyTerraformInstanceKey",
            "launch_template": [],
            "maintenance_options": [
              {
                "auto_recovery": "default"
              }
            ],
            "metadata_options": [
              {
                "http_endpoint": "enabled",
                "http_protocol_ipv6": "disabled",
                "http_put_response_hop_limit": 1,
                "http_tokens": "optional",
                "instance_metadata_tags": "disabled"
              }
            ],
            "monitoring": false,
            "network_interface": [],
            "outpost_arn": "",
            "password_data": "",
            "placement_group": "",
            "placement_partition_number": 0,
            "primary_network_interface_id": "eni-0737bc71890c52c55",
            "private_dns": "ip-10-0-101-205.ec2.internal",
            "private_dns_name_options": [
              {
                "enable_resource_name_dns_a_record": false,
                "enable_resource_name_dns_aaaa_record": false,
                "hostname_type": "ip-name"
              }
            ],
            "private_ip": "10.0.101.205",
            "public_dns": "",
            "public_ip": "100.52.166.171",
            "root_block_device": [
              {
                "delete_on_termination": true,
                "device_name": "/dev/sda1",
                "encrypted": false,
                "iops": 100,
                "kms_key_id": "",
                "tags": {
                  "Environment": "my-aws-app"
                },
                "tags_all": {
                  "Environment": "my-aws-app"
                },
                "throughput": 0,
                "volume_id": "vol-04cbb29a0b81a0922",
                "volume_size": 8,
                "volume_type": "gp2"
              }
            ],
            "secondary_private_ips": [],
            "security_groups": [],
            "source_dest_check": true,
            "spot_instance_request_id": "",
            "subnet_id": "subnet-03e9cd192103db442",
            "tags": {
              "Environment": "Training",
              "Name": "Web Server from Module"
            },
            "tags_all": {
              "Environment": "Training",
              "Name": "Web Server from Module"
            },
            "tenancy": "default",
            "timeouts": null,
            "user_data": null,
            "user_data_base64": null,
            "user_data_replace_on_change": false,
            "volume_tags": null,
            "vpc_security_group_ids": [
              "sg-0245ad729373cff86",
              "sg-034615eed8d83ff66",
              "sg-0ff48061c5fa7557d"
            ]
          },
          "sensitive_attributes": [],
          "identity_schema_version": 0,
          "private": "eyJlMmJmYjczMC1lY2FhLTExZTYtOGY4OC0zNDM2M2JjN2M0YzAiOnsiY3JlYXRlIjo2MDAwMDAwMDAwMDAsImRlbGV0ZSI6MTIwMDAwMDAwMDAwMCwicmVhZCI6OTAwMDAwMDAwMDAwLCJ1cGRhdGUiOjYwMDAwMDAwMDAwMH0sInNjaGVtYV92ZXJzaW9uIjoiMSJ9",
          "dependencies": [
            "aws_key_pair.generated",
            "aws_security_group.ingress-ssh",
            "aws_security_group.vpc-ping",
            "aws_security_group.vpc-web",
            "aws_subnet.public_subnets",
            "aws_vpc.vpc",
            "data.aws_ami.ubuntu_20_04",
            "data.aws_availability_zones.available",
            "data.aws_region.current",
            "tls_private_key.generated"
          ]
        }
      ]
    }
  ],
  "check_results": null
}
